// !$*UTF8*$!
{
	archiveVersion = 1;
	classes = {
	};
	objectVersion = 45;
	objects = {

/* Begin PBXBuildFile section */
		1D3623260D0F684500981E51 /* AppDelegate.m in Sources */ = {isa = PBXBuildFile; fileRef = 1D3623250D0F684500981E51 /* AppDelegate.m */; };
		1D60589B0D05DD56006BFB54 /* main.m in Sources */ = {isa = PBXBuildFile; fileRef = 29B97316FDCFA39411CA2CEA /* main.m */; };
		1D60589F0D05DD5A006BFB54 /* Foundation.framework in Frameworks */ = {isa = PBXBuildFile; fileRef = 1D30AB110D05D00D00671497 /* Foundation.framework */; };
		1DF5F4E00D08C38300B7A737 /* UIKit.framework in Frameworks */ = {isa = PBXBuildFile; fileRef = 1DF5F4DF0D08C38300B7A737 /* UIKit.framework */; };
		288765A50DF7441C002DB57D /* CoreGraphics.framework in Frameworks */ = {isa = PBXBuildFile; fileRef = 288765A40DF7441C002DB57D /* CoreGraphics.framework */; };
		28AD733F0D9D9553002E5188 /* MainWindow.xib in Resources */ = {isa = PBXBuildFile; fileRef = 28AD733E0D9D9553002E5188 /* MainWindow.xib */; };
		A039533E0F8893EC00215BC8 /* QuartzCore.framework in Frameworks */ = {isa = PBXBuildFile; fileRef = A039533D0F8893EC00215BC8 /* QuartzCore.framework */; };
		A03954BD0F88F80700215BC8 /* settings.png in Resources */ = {isa = PBXBuildFile; fileRef = A03954BC0F88F80700215BC8 /* settings.png */; };
		A07FCFF60F806E6700CA32C5 /* DaveController.m in Sources */ = {isa = PBXBuildFile; fileRef = A07FCFF50F806E6700CA32C5 /* DaveController.m */; };
		A07FD0070F80703100CA32C5 /* SettingsController.m in Sources */ = {isa = PBXBuildFile; fileRef = A07FD0060F80703100CA32C5 /* SettingsController.m */; };
		A07FD00A0F80704200CA32C5 /* MenuController.m in Sources */ = {isa = PBXBuildFile; fileRef = A07FD0090F80704200CA32C5 /* MenuController.m */; };
		A07FD0190F8070DB00CA32C5 /* AudioToolbox.framework in Frameworks */ = {isa = PBXBuildFile; fileRef = A07FD0180F8070DB00CA32C5 /* AudioToolbox.framework */; };
		A07FD0900F80769300CA32C5 /* Default.png in Resources */ = {isa = PBXBuildFile; fileRef = A07FD08F0F80769300CA32C5 /* Default.png */; };
		A082D7F70FA56DCA00BE7D1A /* DaveView.m in Sources */ = {isa = PBXBuildFile; fileRef = A082D7F60FA56DCA00BE7D1A /* DaveView.m */; };
		A082D7FA0FA56DDB00BE7D1A /* DaveInfoView.m in Sources */ = {isa = PBXBuildFile; fileRef = A082D7F90FA56DDB00BE7D1A /* DaveInfoView.m */; };
		A0BCD7370F91533600553076 /* Entitlements.plist in Resources */ = {isa = PBXBuildFile; fileRef = A0BCD7360F91533600553076 /* Entitlements.plist */; };
		A0CBA3300FAD99CB004A7BFB /* MenuView.m in Sources */ = {isa = PBXBuildFile; fileRef = A0CBA32F0FAD99CB004A7BFB /* MenuView.m */; };
		A0CBA4160FAE4D7E004A7BFB /* Dave_Classic.png in Resources */ = {isa = PBXBuildFile; fileRef = A0F7A4CB0F90776C00D50555 /* Dave_Classic.png */; };
		A0CBA4190FAE4D90004A7BFB /* Dave_Devil.png in Resources */ = {isa = PBXBuildFile; fileRef = A0F7A4CC0F90776C00D50555 /* Dave_Devil.png */; };
		A0CBA41A0FAE4D95004A7BFB /* Dave_Geeky.png in Resources */ = {isa = PBXBuildFile; fileRef = A0F7A4CD0F90776C00D50555 /* Dave_Geeky.png */; };
		A0CBA41B0FAE4D9C004A7BFB /* Dave_Nirvana.png in Resources */ = {isa = PBXBuildFile; fileRef = A0F7A4CE0F90776C00D50555 /* Dave_Nirvana.png */; };
		A0CBA41C0FAE4DA1004A7BFB /* Dave_Pirate.png in Resources */ = {isa = PBXBuildFile; fileRef = A0F7A4CF0F90776C00D50555 /* Dave_Pirate.png */; };
		A0CBA41D0FAE4DA6004A7BFB /* Dave_Zombie.png in Resources */ = {isa = PBXBuildFile; fileRef = A0F7A4D00F90776C00D50555 /* Dave_Zombie.png */; };
		A0CBA4260FAE4EB3004A7BFB /* Button_AskDave.png in Resources */ = {isa = PBXBuildFile; fileRef = A0F7A4C20F90776C00D50555 /* Button_AskDave.png */; };
		A0CBA4270FAE4EBA004A7BFB /* Button_Info.png in Resources */ = {isa = PBXBuildFile; fileRef = A0F7A4C60F90776C00D50555 /* Button_Info.png */; };
		A0F7A4FB0F9077AF00D50555 /* C_INFO.png in Resources */ = {isa = PBXBuildFile; fileRef = A0F7A4E00F9077AF00D50555 /* C_INFO.png */; };
		A0F7A4FC0F9077AF00D50555 /* CA01.png in Resources */ = {isa = PBXBuildFile; fileRef = A0F7A4E20F9077AF00D50555 /* CA01.png */; };
		A0F7A4FD0F9077AF00D50555 /* CA02.png in Resources */ = {isa = PBXBuildFile; fileRef = A0F7A4E30F9077AF00D50555 /* CA02.png */; };
		A0F7A4FE0F9077AF00D50555 /* CA03.png in Resources */ = {isa = PBXBuildFile; fileRef = A0F7A4E40F9077AF00D50555 /* CA03.png */; };
		A0F7A4FF0F9077AF00D50555 /* CA04.png in Resources */ = {isa = PBXBuildFile; fileRef = A0F7A4E50F9077AF00D50555 /* CA04.png */; };
		A0F7A5000F9077AF00D50555 /* CA05.png in Resources */ = {isa = PBXBuildFile; fileRef = A0F7A4E60F9077AF00D50555 /* CA05.png */; };
		A0F7A5010F9077AF00D50555 /* CA06.png in Resources */ = {isa = PBXBuildFile; fileRef = A0F7A4E70F9077AF00D50555 /* CA06.png */; };
		A0F7A5020F9077AF00D50555 /* CA07.png in Resources */ = {isa = PBXBuildFile; fileRef = A0F7A4E80F9077AF00D50555 /* CA07.png */; };
		A0F7A5030F9077AF00D50555 /* CA08.png in Resources */ = {isa = PBXBuildFile; fileRef = A0F7A4E90F9077AF00D50555 /* CA08.png */; };
		A0F7A5040F9077AF00D50555 /* CA09.png in Resources */ = {isa = PBXBuildFile; fileRef = A0F7A4EA0F9077AF00D50555 /* CA09.png */; };
		A0F7A5050F9077AF00D50555 /* CA10.png in Resources */ = {isa = PBXBuildFile; fileRef = A0F7A4EB0F9077AF00D50555 /* CA10.png */; };
		A0F7A5060F9077AF00D50555 /* CA11.png in Resources */ = {isa = PBXBuildFile; fileRef = A0F7A4EC0F9077AF00D50555 /* CA11.png */; };
		A0F7A5070F9077AF00D50555 /* CA12.png in Resources */ = {isa = PBXBuildFile; fileRef = A0F7A4ED0F9077AF00D50555 /* CA12.png */; };
		A0F7A5080F9077AF00D50555 /* CA13.png in Resources */ = {isa = PBXBuildFile; fileRef = A0F7A4EE0F9077AF00D50555 /* CA13.png */; };
		A0F7A5090F9077AF00D50555 /* CA14.png in Resources */ = {isa = PBXBuildFile; fileRef = A0F7A4EF0F9077AF00D50555 /* CA14.png */; };
		A0F7A50A0F9077AF00D50555 /* CA15.png in Resources */ = {isa = PBXBuildFile; fileRef = A0F7A4F00F9077AF00D50555 /* CA15.png */; };
		A0F7A50B0F9077AF00D50555 /* CA16.png in Resources */ = {isa = PBXBuildFile; fileRef = A0F7A4F10F9077AF00D50555 /* CA16.png */; };
		A0F7A50C0F9077AF00D50555 /* CA17.png in Resources */ = {isa = PBXBuildFile; fileRef = A0F7A4F20F9077AF00D50555 /* CA17.png */; };
		A0F7A50D0F9077AF00D50555 /* CA18.png in Resources */ = {isa = PBXBuildFile; fileRef = A0F7A4F30F9077AF00D50555 /* CA18.png */; };
		A0F7A50E0F9077AF00D50555 /* CA19.png in Resources */ = {isa = PBXBuildFile; fileRef = A0F7A4F40F9077AF00D50555 /* CA19.png */; };
		A0F7A50F0F9077AF00D50555 /* CA20.png in Resources */ = {isa = PBXBuildFile; fileRef = A0F7A4F50F9077AF00D50555 /* CA20.png */; };
		A0F7A5100F9077AF00D50555 /* CAI.png in Resources */ = {isa = PBXBuildFile; fileRef = A0F7A4F60F9077AF00D50555 /* CAI.png */; };
		A0F7A5110F9077AF00D50555 /* CAM.png in Resources */ = {isa = PBXBuildFile; fileRef = A0F7A4F70F9077AF00D50555 /* CAM.png */; };
		A0F7A5120F9077AF00D50555 /* CB.png in Resources */ = {isa = PBXBuildFile; fileRef = A0F7A4F80F9077AF00D50555 /* CB.png */; };
		A0F7A5130F9077AF00D50555 /* CR.png in Resources */ = {isa = PBXBuildFile; fileRef = A0F7A4F90F9077AF00D50555 /* CR.png */; };
		A0F7A5140F9077AF00D50555 /* CS.png in Resources */ = {isa = PBXBuildFile; fileRef = A0F7A4FA0F9077AF00D50555 /* CS.png */; };
		A0F7A5300F9077BC00D50555 /* D_INFO.png in Resources */ = {isa = PBXBuildFile; fileRef = A0F7A5150F9077BC00D50555 /* D_INFO.png */; };
		A0F7A5310F9077BC00D50555 /* DA01.png in Resources */ = {isa = PBXBuildFile; fileRef = A0F7A5170F9077BC00D50555 /* DA01.png */; };
		A0F7A5320F9077BC00D50555 /* DA02.png in Resources */ = {isa = PBXBuildFile; fileRef = A0F7A5180F9077BC00D50555 /* DA02.png */; };
		A0F7A5330F9077BC00D50555 /* DA03.png in Resources */ = {isa = PBXBuildFile; fileRef = A0F7A5190F9077BC00D50555 /* DA03.png */; };
		A0F7A5340F9077BC00D50555 /* DA04.png in Resources */ = {isa = PBXBuildFile; fileRef = A0F7A51A0F9077BC00D50555 /* DA04.png */; };
		A0F7A5350F9077BC00D50555 /* DA05.png in Resources */ = {isa = PBXBuildFile; fileRef = A0F7A51B0F9077BC00D50555 /* DA05.png */; };
		A0F7A5360F9077BC00D50555 /* DA06.png in Resources */ = {isa = PBXBuildFile; fileRef = A0F7A51C0F9077BC00D50555 /* DA06.png */; };
		A0F7A5370F9077BC00D50555 /* DA07.png in Resources */ = {isa = PBXBuildFile; fileRef = A0F7A51D0F9077BC00D50555 /* DA07.png */; };
		A0F7A5380F9077BC00D50555 /* DA08.png in Resources */ = {isa = PBXBuildFile; fileRef = A0F7A51E0F9077BC00D50555 /* DA08.png */; };
		A0F7A5390F9077BC00D50555 /* DA09.png in Resources */ = {isa = PBXBuildFile; fileRef = A0F7A51F0F9077BC00D50555 /* DA09.png */; };
		A0F7A53A0F9077BC00D50555 /* DA10.png in Resources */ = {isa = PBXBuildFile; fileRef = A0F7A5200F9077BC00D50555 /* DA10.png */; };
		A0F7A53B0F9077BC00D50555 /* DA11.png in Resources */ = {isa = PBXBuildFile; fileRef = A0F7A5210F9077BC00D50555 /* DA11.png */; };
		A0F7A53C0F9077BC00D50555 /* DA12.png in Resources */ = {isa = PBXBuildFile; fileRef = A0F7A5220F9077BC00D50555 /* DA12.png */; };
		A0F7A53D0F9077BC00D50555 /* DA13.png in Resources */ = {isa = PBXBuildFile; fileRef = A0F7A5230F9077BC00D50555 /* DA13.png */; };
		A0F7A53E0F9077BC00D50555 /* DA14.png in Resources */ = {isa = PBXBuildFile; fileRef = A0F7A5240F9077BC00D50555 /* DA14.png */; };
		A0F7A53F0F9077BC00D50555 /* DA15.png in Resources */ = {isa = PBXBuildFile; fileRef = A0F7A5250F9077BC00D50555 /* DA15.png */; };
		A0F7A5400F9077BC00D50555 /* DA16.png in Resources */ = {isa = PBXBuildFile; fileRef = A0F7A5260F9077BC00D50555 /* DA16.png */; };
		A0F7A5410F9077BC00D50555 /* DA17.png in Resources */ = {isa = PBXBuildFile; fileRef = A0F7A5270F9077BC00D50555 /* DA17.png */; };
		A0F7A5420F9077BC00D50555 /* DA18.png in Resources */ = {isa = PBXBuildFile; fileRef = A0F7A5280F9077BC00D50555 /* DA18.png */; };
		A0F7A5430F9077BC00D50555 /* DA19.png in Resources */ = {isa = PBXBuildFile; fileRef = A0F7A5290F9077BC00D50555 /* DA19.png */; };
		A0F7A5440F9077BC00D50555 /* DA20.png in Resources */ = {isa = PBXBuildFile; fileRef = A0F7A52A0F9077BC00D50555 /* DA20.png */; };
		A0F7A5450F9077BC00D50555 /* DAI.png in Resources */ = {isa = PBXBuildFile; fileRef = A0F7A52B0F9077BC00D50555 /* DAI.png */; };
		A0F7A5460F9077BC00D50555 /* DAM.png in Resources */ = {isa = PBXBuildFile; fileRef = A0F7A52C0F9077BC00D50555 /* DAM.png */; };
		A0F7A5470F9077BC00D50555 /* DB.png in Resources */ = {isa = PBXBuildFile; fileRef = A0F7A52D0F9077BC00D50555 /* DB.png */; };
		A0F7A5480F9077BC00D50555 /* DR.png in Resources */ = {isa = PBXBuildFile; fileRef = A0F7A52E0F9077BC00D50555 /* DR.png */; };
		A0F7A5490F9077BC00D50555 /* DS.png in Resources */ = {isa = PBXBuildFile; fileRef = A0F7A52F0F9077BC00D50555 /* DS.png */; };
		A0F7A5650F9077E800D50555 /* G_INFO.png in Resources */ = {isa = PBXBuildFile; fileRef = A0F7A54A0F9077E800D50555 /* G_INFO.png */; };
		A0F7A5660F9077E800D50555 /* GA01.png in Resources */ = {isa = PBXBuildFile; fileRef = A0F7A54C0F9077E800D50555 /* GA01.png */; };
		A0F7A5670F9077E800D50555 /* GA02.png in Resources */ = {isa = PBXBuildFile; fileRef = A0F7A54D0F9077E800D50555 /* GA02.png */; };
		A0F7A5680F9077E800D50555 /* GA03.png in Resources */ = {isa = PBXBuildFile; fileRef = A0F7A54E0F9077E800D50555 /* GA03.png */; };
		A0F7A5690F9077E800D50555 /* GA04.png in Resources */ = {isa = PBXBuildFile; fileRef = A0F7A54F0F9077E800D50555 /* GA04.png */; };
		A0F7A56A0F9077E800D50555 /* GA05.png in Resources */ = {isa = PBXBuildFile; fileRef = A0F7A5500F9077E800D50555 /* GA05.png */; };
		A0F7A56B0F9077E800D50555 /* GA06.png in Resources */ = {isa = PBXBuildFile; fileRef = A0F7A5510F9077E800D50555 /* GA06.png */; };
		A0F7A56C0F9077E800D50555 /* GA07.png in Resources */ = {isa = PBXBuildFile; fileRef = A0F7A5520F9077E800D50555 /* GA07.png */; };
		A0F7A56D0F9077E800D50555 /* GA08.png in Resources */ = {isa = PBXBuildFile; fileRef = A0F7A5530F9077E800D50555 /* GA08.png */; };
		A0F7A56E0F9077E800D50555 /* GA09.png in Resources */ = {isa = PBXBuildFile; fileRef = A0F7A5540F9077E800D50555 /* GA09.png */; };
		A0F7A56F0F9077E800D50555 /* GA10.png in Resources */ = {isa = PBXBuildFile; fileRef = A0F7A5550F9077E800D50555 /* GA10.png */; };
		A0F7A5700F9077E800D50555 /* GA11.png in Resources */ = {isa = PBXBuildFile; fileRef = A0F7A5560F9077E800D50555 /* GA11.png */; };
		A0F7A5710F9077E800D50555 /* GA12.png in Resources */ = {isa = PBXBuildFile; fileRef = A0F7A5570F9077E800D50555 /* GA12.png */; };
		A0F7A5720F9077E800D50555 /* GA13.png in Resources */ = {isa = PBXBuildFile; fileRef = A0F7A5580F9077E800D50555 /* GA13.png */; };
		A0F7A5730F9077E800D50555 /* GA14.png in Resources */ = {isa = PBXBuildFile; fileRef = A0F7A5590F9077E800D50555 /* GA14.png */; };
		A0F7A5740F9077E800D50555 /* GA15.png in Resources */ = {isa = PBXBuildFile; fileRef = A0F7A55A0F9077E800D50555 /* GA15.png */; };
		A0F7A5750F9077E800D50555 /* GA16.png in Resources */ = {isa = PBXBuildFile; fileRef = A0F7A55B0F9077E800D50555 /* GA16.png */; };
		A0F7A5760F9077E800D50555 /* GA17.png in Resources */ = {isa = PBXBuildFile; fileRef = A0F7A55C0F9077E800D50555 /* GA17.png */; };
		A0F7A5770F9077E800D50555 /* GA18.png in Resources */ = {isa = PBXBuildFile; fileRef = A0F7A55D0F9077E800D50555 /* GA18.png */; };
		A0F7A5780F9077E800D50555 /* GA19.png in Resources */ = {isa = PBXBuildFile; fileRef = A0F7A55E0F9077E800D50555 /* GA19.png */; };
		A0F7A5790F9077E800D50555 /* GA20.png in Resources */ = {isa = PBXBuildFile; fileRef = A0F7A55F0F9077E800D50555 /* GA20.png */; };
		A0F7A57A0F9077E800D50555 /* GAI.png in Resources */ = {isa = PBXBuildFile; fileRef = A0F7A5600F9077E800D50555 /* GAI.png */; };
		A0F7A57B0F9077E800D50555 /* GAM.png in Resources */ = {isa = PBXBuildFile; fileRef = A0F7A5610F9077E800D50555 /* GAM.png */; };
		A0F7A57C0F9077E800D50555 /* GB.png in Resources */ = {isa = PBXBuildFile; fileRef = A0F7A5620F9077E800D50555 /* GB.png */; };
		A0F7A57D0F9077E800D50555 /* GR.png in Resources */ = {isa = PBXBuildFile; fileRef = A0F7A5630F9077E800D50555 /* GR.png */; };
		A0F7A57E0F9077E800D50555 /* GS.png in Resources */ = {isa = PBXBuildFile; fileRef = A0F7A5640F9077E800D50555 /* GS.png */; };
		A0F7A59A0F9077F300D50555 /* N_INFO.png in Resources */ = {isa = PBXBuildFile; fileRef = A0F7A57F0F9077F300D50555 /* N_INFO.png */; };
		A0F7A59B0F9077F300D50555 /* NA01.png in Resources */ = {isa = PBXBuildFile; fileRef = A0F7A5810F9077F300D50555 /* NA01.png */; };
		A0F7A59C0F9077F300D50555 /* NA02.png in Resources */ = {isa = PBXBuildFile; fileRef = A0F7A5820F9077F300D50555 /* NA02.png */; };
		A0F7A59D0F9077F300D50555 /* NA03.png in Resources */ = {isa = PBXBuildFile; fileRef = A0F7A5830F9077F300D50555 /* NA03.png */; };
		A0F7A59E0F9077F300D50555 /* NA04.png in Resources */ = {isa = PBXBuildFile; fileRef = A0F7A5840F9077F300D50555 /* NA04.png */; };
		A0F7A59F0F9077F300D50555 /* NA05.png in Resources */ = {isa = PBXBuildFile; fileRef = A0F7A5850F9077F300D50555 /* NA05.png */; };
		A0F7A5A00F9077F300D50555 /* NA06.png in Resources */ = {isa = PBXBuildFile; fileRef = A0F7A5860F9077F300D50555 /* NA06.png */; };
		A0F7A5A10F9077F300D50555 /* NA07.png in Resources */ = {isa = PBXBuildFile; fileRef = A0F7A5870F9077F300D50555 /* NA07.png */; };
		A0F7A5A20F9077F300D50555 /* NA08.png in Resources */ = {isa = PBXBuildFile; fileRef = A0F7A5880F9077F300D50555 /* NA08.png */; };
		A0F7A5A30F9077F300D50555 /* NA09.png in Resources */ = {isa = PBXBuildFile; fileRef = A0F7A5890F9077F300D50555 /* NA09.png */; };
		A0F7A5A40F9077F300D50555 /* NA10.png in Resources */ = {isa = PBXBuildFile; fileRef = A0F7A58A0F9077F300D50555 /* NA10.png */; };
		A0F7A5A50F9077F300D50555 /* NA11.png in Resources */ = {isa = PBXBuildFile; fileRef = A0F7A58B0F9077F300D50555 /* NA11.png */; };
		A0F7A5A60F9077F300D50555 /* NA12.png in Resources */ = {isa = PBXBuildFile; fileRef = A0F7A58C0F9077F300D50555 /* NA12.png */; };
		A0F7A5A70F9077F300D50555 /* NA13.png in Resources */ = {isa = PBXBuildFile; fileRef = A0F7A58D0F9077F300D50555 /* NA13.png */; };
		A0F7A5A80F9077F300D50555 /* NA14.png in Resources */ = {isa = PBXBuildFile; fileRef = A0F7A58E0F9077F300D50555 /* NA14.png */; };
		A0F7A5A90F9077F300D50555 /* NA15.png in Resources */ = {isa = PBXBuildFile; fileRef = A0F7A58F0F9077F300D50555 /* NA15.png */; };
		A0F7A5AA0F9077F300D50555 /* NA16.png in Resources */ = {isa = PBXBuildFile; fileRef = A0F7A5900F9077F300D50555 /* NA16.png */; };
		A0F7A5AB0F9077F300D50555 /* NA17.png in Resources */ = {isa = PBXBuildFile; fileRef = A0F7A5910F9077F300D50555 /* NA17.png */; };
		A0F7A5AC0F9077F300D50555 /* NA18.png in Resources */ = {isa = PBXBuildFile; fileRef = A0F7A5920F9077F300D50555 /* NA18.png */; };
		A0F7A5AD0F9077F300D50555 /* NA19.png in Resources */ = {isa = PBXBuildFile; fileRef = A0F7A5930F9077F300D50555 /* NA19.png */; };
		A0F7A5AE0F9077F300D50555 /* NA20.png in Resources */ = {isa = PBXBuildFile; fileRef = A0F7A5940F9077F300D50555 /* NA20.png */; };
		A0F7A5AF0F9077F300D50555 /* NAI.png in Resources */ = {isa = PBXBuildFile; fileRef = A0F7A5950F9077F300D50555 /* NAI.png */; };
		A0F7A5B00F9077F300D50555 /* NAM.png in Resources */ = {isa = PBXBuildFile; fileRef = A0F7A5960F9077F300D50555 /* NAM.png */; };
		A0F7A5B10F9077F300D50555 /* NB.png in Resources */ = {isa = PBXBuildFile; fileRef = A0F7A5970F9077F300D50555 /* NB.png */; };
		A0F7A5B20F9077F300D50555 /* NR.png in Resources */ = {isa = PBXBuildFile; fileRef = A0F7A5980F9077F300D50555 /* NR.png */; };
		A0F7A5B30F9077F300D50555 /* NS.png in Resources */ = {isa = PBXBuildFile; fileRef = A0F7A5990F9077F300D50555 /* NS.png */; };
		A0F7A5CF0F90780200D50555 /* P_INFO.png in Resources */ = {isa = PBXBuildFile; fileRef = A0F7A5B40F90780200D50555 /* P_INFO.png */; };
		A0F7A5D00F90780200D50555 /* PA01.png in Resources */ = {isa = PBXBuildFile; fileRef = A0F7A5B60F90780200D50555 /* PA01.png */; };
		A0F7A5D10F90780200D50555 /* PA02.png in Resources */ = {isa = PBXBuildFile; fileRef = A0F7A5B70F90780200D50555 /* PA02.png */; };
		A0F7A5D20F90780200D50555 /* PA03.png in Resources */ = {isa = PBXBuildFile; fileRef = A0F7A5B80F90780200D50555 /* PA03.png */; };
		A0F7A5D30F90780200D50555 /* PA04.png in Resources */ = {isa = PBXBuildFile; fileRef = A0F7A5B90F90780200D50555 /* PA04.png */; };
		A0F7A5D40F90780200D50555 /* PA05.png in Resources */ = {isa = PBXBuildFile; fileRef = A0F7A5BA0F90780200D50555 /* PA05.png */; };
		A0F7A5D50F90780200D50555 /* PA06.png in Resources */ = {isa = PBXBuildFile; fileRef = A0F7A5BB0F90780200D50555 /* PA06.png */; };
		A0F7A5D60F90780200D50555 /* PA07.png in Resources */ = {isa = PBXBuildFile; fileRef = A0F7A5BC0F90780200D50555 /* PA07.png */; };
		A0F7A5D70F90780200D50555 /* PA08.png in Resources */ = {isa = PBXBuildFile; fileRef = A0F7A5BD0F90780200D50555 /* PA08.png */; };
		A0F7A5D80F90780200D50555 /* PA09.png in Resources */ = {isa = PBXBuildFile; fileRef = A0F7A5BE0F90780200D50555 /* PA09.png */; };
		A0F7A5D90F90780200D50555 /* PA10.png in Resources */ = {isa = PBXBuildFile; fileRef = A0F7A5BF0F90780200D50555 /* PA10.png */; };
		A0F7A5DA0F90780200D50555 /* PA11.png in Resources */ = {isa = PBXBuildFile; fileRef = A0F7A5C00F90780200D50555 /* PA11.png */; };
		A0F7A5DB0F90780200D50555 /* PA12.png in Resources */ = {isa = PBXBuildFile; fileRef = A0F7A5C10F90780200D50555 /* PA12.png */; };
		A0F7A5DC0F90780200D50555 /* PA13.png in Resources */ = {isa = PBXBuildFile; fileRef = A0F7A5C20F90780200D50555 /* PA13.png */; };
		A0F7A5DD0F90780200D50555 /* PA14.png in Resources */ = {isa = PBXBuildFile; fileRef = A0F7A5C30F90780200D50555 /* PA14.png */; };
		A0F7A5DE0F90780200D50555 /* PA15.png in Resources */ = {isa = PBXBuildFile; fileRef = A0F7A5C40F90780200D50555 /* PA15.png */; };
		A0F7A5DF0F90780200D50555 /* PA16.png in Resources */ = {isa = PBXBuildFile; fileRef = A0F7A5C50F90780200D50555 /* PA16.png */; };
		A0F7A5E00F90780200D50555 /* PA17.png in Resources */ = {isa = PBXBuildFile; fileRef = A0F7A5C60F90780200D50555 /* PA17.png */; };
		A0F7A5E10F90780200D50555 /* PA18.png in Resources */ = {isa = PBXBuildFile; fileRef = A0F7A5C70F90780200D50555 /* PA18.png */; };
		A0F7A5E20F90780200D50555 /* PA19.png in Resources */ = {isa = PBXBuildFile; fileRef = A0F7A5C80F90780200D50555 /* PA19.png */; };
		A0F7A5E30F90780200D50555 /* PA20.png in Resources */ = {isa = PBXBuildFile; fileRef = A0F7A5C90F90780200D50555 /* PA20.png */; };
		A0F7A5E40F90780200D50555 /* PAI.png in Resources */ = {isa = PBXBuildFile; fileRef = A0F7A5CA0F90780200D50555 /* PAI.png */; };
		A0F7A5E50F90780200D50555 /* PAM.png in Resources */ = {isa = PBXBuildFile; fileRef = A0F7A5CB0F90780200D50555 /* PAM.png */; };
		A0F7A5E60F90780200D50555 /* PB.png in Resources */ = {isa = PBXBuildFile; fileRef = A0F7A5CC0F90780200D50555 /* PB.png */; };
		A0F7A5E70F90780200D50555 /* PR.png in Resources */ = {isa = PBXBuildFile; fileRef = A0F7A5CD0F90780200D50555 /* PR.png */; };
		A0F7A5E80F90780200D50555 /* PS.png in Resources */ = {isa = PBXBuildFile; fileRef = A0F7A5CE0F90780200D50555 /* PS.png */; };
		A0F7A6040F90780E00D50555 /* Z_INFO.png in Resources */ = {isa = PBXBuildFile; fileRef = A0F7A5E90F90780E00D50555 /* Z_INFO.png */; };
		A0F7A6050F90780E00D50555 /* ZA01.png in Resources */ = {isa = PBXBuildFile; fileRef = A0F7A5EB0F90780E00D50555 /* ZA01.png */; };
		A0F7A6060F90780E00D50555 /* ZA02.png in Resources */ = {isa = PBXBuildFile; fileRef = A0F7A5EC0F90780E00D50555 /* ZA02.png */; };
		A0F7A6070F90780E00D50555 /* ZA03.png in Resources */ = {isa = PBXBuildFile; fileRef = A0F7A5ED0F90780E00D50555 /* ZA03.png */; };
		A0F7A6080F90780E00D50555 /* ZA04.png in Resources */ = {isa = PBXBuildFile; fileRef = A0F7A5EE0F90780E00D50555 /* ZA04.png */; };
		A0F7A6090F90780E00D50555 /* ZA05.png in Resources */ = {isa = PBXBuildFile; fileRef = A0F7A5EF0F90780E00D50555 /* ZA05.png */; };
		A0F7A60A0F90780E00D50555 /* ZA06.png in Resources */ = {isa = PBXBuildFile; fileRef = A0F7A5F00F90780E00D50555 /* ZA06.png */; };
		A0F7A60B0F90780E00D50555 /* ZA07.png in Resources */ = {isa = PBXBuildFile; fileRef = A0F7A5F10F90780E00D50555 /* ZA07.png */; };
		A0F7A60C0F90780E00D50555 /* ZA08.png in Resources */ = {isa = PBXBuildFile; fileRef = A0F7A5F20F90780E00D50555 /* ZA08.png */; };
		A0F7A60D0F90780E00D50555 /* ZA09.png in Resources */ = {isa = PBXBuildFile; fileRef = A0F7A5F30F90780E00D50555 /* ZA09.png */; };
		A0F7A60E0F90780E00D50555 /* ZA10.png in Resources */ = {isa = PBXBuildFile; fileRef = A0F7A5F40F90780E00D50555 /* ZA10.png */; };
		A0F7A60F0F90780E00D50555 /* ZA11.png in Resources */ = {isa = PBXBuildFile; fileRef = A0F7A5F50F90780E00D50555 /* ZA11.png */; };
		A0F7A6100F90780E00D50555 /* ZA12.png in Resources */ = {isa = PBXBuildFile; fileRef = A0F7A5F60F90780E00D50555 /* ZA12.png */; };
		A0F7A6110F90780E00D50555 /* ZA13.png in Resources */ = {isa = PBXBuildFile; fileRef = A0F7A5F70F90780E00D50555 /* ZA13.png */; };
		A0F7A6120F90780E00D50555 /* ZA14.png in Resources */ = {isa = PBXBuildFile; fileRef = A0F7A5F80F90780E00D50555 /* ZA14.png */; };
		A0F7A6130F90780E00D50555 /* ZA15.png in Resources */ = {isa = PBXBuildFile; fileRef = A0F7A5F90F90780E00D50555 /* ZA15.png */; };
		A0F7A6140F90780E00D50555 /* ZA16.png in Resources */ = {isa = PBXBuildFile; fileRef = A0F7A5FA0F90780E00D50555 /* ZA16.png */; };
		A0F7A6150F90780E00D50555 /* ZA17.png in Resources */ = {isa = PBXBuildFile; fileRef = A0F7A5FB0F90780E00D50555 /* ZA17.png */; };
		A0F7A6160F90780E00D50555 /* ZA18.png in Resources */ = {isa = PBXBuildFile; fileRef = A0F7A5FC0F90780E00D50555 /* ZA18.png */; };
		A0F7A6170F90780E00D50555 /* ZA19.png in Resources */ = {isa = PBXBuildFile; fileRef = A0F7A5FD0F90780E00D50555 /* ZA19.png */; };
		A0F7A6180F90780E00D50555 /* ZA20.png in Resources */ = {isa = PBXBuildFile; fileRef = A0F7A5FE0F90780E00D50555 /* ZA20.png */; };
		A0F7A6190F90780E00D50555 /* ZAI.png in Resources */ = {isa = PBXBuildFile; fileRef = A0F7A5FF0F90780E00D50555 /* ZAI.png */; };
		A0F7A61A0F90780E00D50555 /* ZAM.png in Resources */ = {isa = PBXBuildFile; fileRef = A0F7A6000F90780E00D50555 /* ZAM.png */; };
		A0F7A61B0F90780E00D50555 /* ZB.png in Resources */ = {isa = PBXBuildFile; fileRef = A0F7A6010F90780E00D50555 /* ZB.png */; };
		A0F7A61C0F90780E00D50555 /* ZR.png in Resources */ = {isa = PBXBuildFile; fileRef = A0F7A6020F90780E00D50555 /* ZR.png */; };
		A0F7A61D0F90780E00D50555 /* ZS.png in Resources */ = {isa = PBXBuildFile; fileRef = A0F7A6030F90780E00D50555 /* ZS.png */; };
		A0F7A69A0F90839900D50555 /* AskDaveIcon57.png in Resources */ = {isa = PBXBuildFile; fileRef = A0F7A6990F90839900D50555 /* AskDaveIcon57.png */; };
		A0F7A8C60F90FB2E00D50555 /* UIImageAskDave.m in Sources */ = {isa = PBXBuildFile; fileRef = A0F7A8C50F90FB2E00D50555 /* UIImageAskDave.m */; };
/* End PBXBuildFile section */

/* Begin PBXFileReference section */
		1D30AB110D05D00D00671497 /* Foundation.framework */ = {isa = PBXFileReference; lastKnownFileType = wrapper.framework; name = Foundation.framework; path = System/Library/Frameworks/Foundation.framework; sourceTree = SDKROOT; };
		1D3623240D0F684500981E51 /* AppDelegate.h */ = {isa = PBXFileReference; fileEncoding = 4; lastKnownFileType = sourcecode.c.h; path = AppDelegate.h; sourceTree = "<group>"; };
		1D3623250D0F684500981E51 /* AppDelegate.m */ = {isa = PBXFileReference; fileEncoding = 4; lastKnownFileType = sourcecode.c.objc; path = AppDelegate.m; sourceTree = "<group>"; };
		1D6058910D05DD3D006BFB54 /* Ask Dave.app */ = {isa = PBXFileReference; explicitFileType = wrapper.application; includeInIndex = 0; path = "Ask Dave.app"; sourceTree = BUILT_PRODUCTS_DIR; };
		1DF5F4DF0D08C38300B7A737 /* UIKit.framework */ = {isa = PBXFileReference; lastKnownFileType = wrapper.framework; name = UIKit.framework; path = System/Library/Frameworks/UIKit.framework; sourceTree = SDKROOT; };
		288765A40DF7441C002DB57D /* CoreGraphics.framework */ = {isa = PBXFileReference; lastKnownFileType = wrapper.framework; name = CoreGraphics.framework; path = System/Library/Frameworks/CoreGraphics.framework; sourceTree = SDKROOT; };
		28AD733E0D9D9553002E5188 /* MainWindow.xib */ = {isa = PBXFileReference; lastKnownFileType = file.xib; path = MainWindow.xib; sourceTree = "<group>"; };
		29B97316FDCFA39411CA2CEA /* main.m */ = {isa = PBXFileReference; fileEncoding = 4; lastKnownFileType = sourcecode.c.objc; path = main.m; sourceTree = "<group>"; };
		32CA4F630368D1EE00C91783 /* AskDave_Prefix.pch */ = {isa = PBXFileReference; fileEncoding = 4; lastKnownFileType = sourcecode.c.h; path = AskDave_Prefix.pch; sourceTree = "<group>"; };
		8D1107310486CEB800E47090 /* Info.plist */ = {isa = PBXFileReference; fileEncoding = 4; lastKnownFileType = text.plist.xml; path = Info.plist; sourceTree = "<group>"; };
		A039533D0F8893EC00215BC8 /* QuartzCore.framework */ = {isa = PBXFileReference; lastKnownFileType = wrapper.framework; name = QuartzCore.framework; path = System/Library/Frameworks/QuartzCore.framework; sourceTree = SDKROOT; };
		A03954BC0F88F80700215BC8 /* settings.png */ = {isa = PBXFileReference; lastKnownFileType = image.png; path = settings.png; sourceTree = "<group>"; };
		A03955A10F8915C200215BC8 /* README */ = {isa = PBXFileReference; fileEncoding = 4; lastKnownFileType = text; path = README; sourceTree = "<group>"; };
		A076BD660FA782AB00154EAB /* COPYING */ = {isa = PBXFileReference; fileEncoding = 4; lastKnownFileType = text; path = COPYING; sourceTree = "<group>"; };
		A07FCFF40F806E6700CA32C5 /* DaveController.h */ = {isa = PBXFileReference; fileEncoding = 4; lastKnownFileType = sourcecode.c.h; path = DaveController.h; sourceTree = "<group>"; };
		A07FCFF50F806E6700CA32C5 /* DaveController.m */ = {isa = PBXFileReference; fileEncoding = 4; lastKnownFileType = sourcecode.c.objc; path = DaveController.m; sourceTree = "<group>"; };
		A07FD0050F80703100CA32C5 /* SettingsController.h */ = {isa = PBXFileReference; fileEncoding = 4; lastKnownFileType = sourcecode.c.h; path = SettingsController.h; sourceTree = "<group>"; };
		A07FD0060F80703100CA32C5 /* SettingsController.m */ = {isa = PBXFileReference; fileEncoding = 4; lastKnownFileType = sourcecode.c.objc; path = SettingsController.m; sourceTree = "<group>"; };
		A07FD0080F80704200CA32C5 /* MenuController.h */ = {isa = PBXFileReference; fileEncoding = 4; lastKnownFileType = sourcecode.c.h; path = MenuController.h; sourceTree = "<group>"; };
		A07FD0090F80704200CA32C5 /* MenuController.m */ = {isa = PBXFileReference; fileEncoding = 4; lastKnownFileType = sourcecode.c.objc; path = MenuController.m; sourceTree = "<group>"; };
		A07FD0180F8070DB00CA32C5 /* AudioToolbox.framework */ = {isa = PBXFileReference; lastKnownFileType = wrapper.framework; name = AudioToolbox.framework; path = System/Library/Frameworks/AudioToolbox.framework; sourceTree = SDKROOT; };
		A07FD08F0F80769300CA32C5 /* Default.png */ = {isa = PBXFileReference; lastKnownFileType = image.png; path = Default.png; sourceTree = "<group>"; };
		A082D7EB0FA4653C00BE7D1A /* common.h */ = {isa = PBXFileReference; fileEncoding = 4; lastKnownFileType = sourcecode.c.h; path = common.h; sourceTree = "<group>"; };
		A082D7F50FA56DCA00BE7D1A /* DaveView.h */ = {isa = PBXFileReference; fileEncoding = 4; lastKnownFileType = sourcecode.c.h; path = DaveView.h; sourceTree = "<group>"; };
		A082D7F60FA56DCA00BE7D1A /* DaveView.m */ = {isa = PBXFileReference; fileEncoding = 4; lastKnownFileType = sourcecode.c.objc; path = DaveView.m; sourceTree = "<group>"; };
		A082D7F80FA56DDB00BE7D1A /* DaveInfoView.h */ = {isa = PBXFileReference; fileEncoding = 4; lastKnownFileType = sourcecode.c.h; path = DaveInfoView.h; sourceTree = "<group>"; };
		A082D7F90FA56DDB00BE7D1A /* DaveInfoView.m */ = {isa = PBXFileReference; fileEncoding = 4; lastKnownFileType = sourcecode.c.objc; path = DaveInfoView.m; sourceTree = "<group>"; };
		A0BCD7360F91533600553076 /* Entitlements.plist */ = {isa = PBXFileReference; fileEncoding = 4; lastKnownFileType = text.plist.xml; path = Entitlements.plist; sourceTree = "<group>"; };
		A0CBA32E0FAD99CB004A7BFB /* MenuView.h */ = {isa = PBXFileReference; fileEncoding = 4; lastKnownFileType = sourcecode.c.h; path = MenuView.h; sourceTree = "<group>"; };
		A0CBA32F0FAD99CB004A7BFB /* MenuView.m */ = {isa = PBXFileReference; fileEncoding = 4; lastKnownFileType = sourcecode.c.objc; path = MenuView.m; sourceTree = "<group>"; };
		A0F7A4C20F90776C00D50555 /* Button_AskDave.png */ = {isa = PBXFileReference; lastKnownFileType = image.png; path = Button_AskDave.png; sourceTree = "<group>"; };
		A0F7A4C30F90776C00D50555 /* Button_Classic.png */ = {isa = PBXFileReference; lastKnownFileType = image.png; path = Button_Classic.png; sourceTree = "<group>"; };
		A0F7A4C40F90776C00D50555 /* Button_Devil.png */ = {isa = PBXFileReference; lastKnownFileType = image.png; path = Button_Devil.png; sourceTree = "<group>"; };
		A0F7A4C50F90776C00D50555 /* Button_Geeky.png */ = {isa = PBXFileReference; lastKnownFileType = image.png; path = Button_Geeky.png; sourceTree = "<group>"; };
		A0F7A4C60F90776C00D50555 /* Button_Info.png */ = {isa = PBXFileReference; lastKnownFileType = image.png; path = Button_Info.png; sourceTree = "<group>"; };
		A0F7A4C70F90776C00D50555 /* Button_Nirvana.png */ = {isa = PBXFileReference; lastKnownFileType = image.png; path = Button_Nirvana.png; sourceTree = "<group>"; };
		A0F7A4C80F90776C00D50555 /* Button_Pirate.png */ = {isa = PBXFileReference; lastKnownFileType = image.png; path = Button_Pirate.png; sourceTree = "<group>"; };
		A0F7A4C90F90776C00D50555 /* Button_Zombie.png */ = {isa = PBXFileReference; lastKnownFileType = image.png; path = Button_Zombie.png; sourceTree = "<group>"; };
		A0F7A4CA0F90776C00D50555 /* ButtonSwoop.png */ = {isa = PBXFileReference; lastKnownFileType = image.png; path = ButtonSwoop.png; sourceTree = "<group>"; };
		A0F7A4CB0F90776C00D50555 /* Dave_Classic.png */ = {isa = PBXFileReference; lastKnownFileType = image.png; path = Dave_Classic.png; sourceTree = "<group>"; };
		A0F7A4CC0F90776C00D50555 /* Dave_Devil.png */ = {isa = PBXFileReference; lastKnownFileType = image.png; path = Dave_Devil.png; sourceTree = "<group>"; };
		A0F7A4CD0F90776C00D50555 /* Dave_Geeky.png */ = {isa = PBXFileReference; lastKnownFileType = image.png; path = Dave_Geeky.png; sourceTree = "<group>"; };
		A0F7A4CE0F90776C00D50555 /* Dave_Nirvana.png */ = {isa = PBXFileReference; lastKnownFileType = image.png; path = Dave_Nirvana.png; sourceTree = "<group>"; };
		A0F7A4CF0F90776C00D50555 /* Dave_Pirate.png */ = {isa = PBXFileReference; lastKnownFileType = image.png; path = Dave_Pirate.png; sourceTree = "<group>"; };
		A0F7A4D00F90776C00D50555 /* Dave_Zombie.png */ = {isa = PBXFileReference; lastKnownFileType = image.png; path = Dave_Zombie.png; sourceTree = "<group>"; };
		A0F7A4E00F9077AF00D50555 /* C_INFO.png */ = {isa = PBXFileReference; lastKnownFileType = image.png; path = C_INFO.png; sourceTree = "<group>"; };
		A0F7A4E20F9077AF00D50555 /* CA01.png */ = {isa = PBXFileReference; lastKnownFileType = image.png; path = CA01.png; sourceTree = "<group>"; };
		A0F7A4E30F9077AF00D50555 /* CA02.png */ = {isa = PBXFileReference; lastKnownFileType = image.png; path = CA02.png; sourceTree = "<group>"; };
		A0F7A4E40F9077AF00D50555 /* CA03.png */ = {isa = PBXFileReference; lastKnownFileType = image.png; path = CA03.png; sourceTree = "<group>"; };
		A0F7A4E50F9077AF00D50555 /* CA04.png */ = {isa = PBXFileReference; lastKnownFileType = image.png; path = CA04.png; sourceTree = "<group>"; };
		A0F7A4E60F9077AF00D50555 /* CA05.png */ = {isa = PBXFileReference; lastKnownFileType = image.png; path = CA05.png; sourceTree = "<group>"; };
		A0F7A4E70F9077AF00D50555 /* CA06.png */ = {isa = PBXFileReference; lastKnownFileType = image.png; path = CA06.png; sourceTree = "<group>"; };
		A0F7A4E80F9077AF00D50555 /* CA07.png */ = {isa = PBXFileReference; lastKnownFileType = image.png; path = CA07.png; sourceTree = "<group>"; };
		A0F7A4E90F9077AF00D50555 /* CA08.png */ = {isa = PBXFileReference; lastKnownFileType = image.png; path = CA08.png; sourceTree = "<group>"; };
		A0F7A4EA0F9077AF00D50555 /* CA09.png */ = {isa = PBXFileReference; lastKnownFileType = image.png; path = CA09.png; sourceTree = "<group>"; };
		A0F7A4EB0F9077AF00D50555 /* CA10.png */ = {isa = PBXFileReference; lastKnownFileType = image.png; path = CA10.png; sourceTree = "<group>"; };
		A0F7A4EC0F9077AF00D50555 /* CA11.png */ = {isa = PBXFileReference; lastKnownFileType = image.png; path = CA11.png; sourceTree = "<group>"; };
		A0F7A4ED0F9077AF00D50555 /* CA12.png */ = {isa = PBXFileReference; lastKnownFileType = image.png; path = CA12.png; sourceTree = "<group>"; };
		A0F7A4EE0F9077AF00D50555 /* CA13.png */ = {isa = PBXFileReference; lastKnownFileType = image.png; path = CA13.png; sourceTree = "<group>"; };
		A0F7A4EF0F9077AF00D50555 /* CA14.png */ = {isa = PBXFileReference; lastKnownFileType = image.png; path = CA14.png; sourceTree = "<group>"; };
		A0F7A4F00F9077AF00D50555 /* CA15.png */ = {isa = PBXFileReference; lastKnownFileType = image.png; path = CA15.png; sourceTree = "<group>"; };
		A0F7A4F10F9077AF00D50555 /* CA16.png */ = {isa = PBXFileReference; lastKnownFileType = image.png; path = CA16.png; sourceTree = "<group>"; };
		A0F7A4F20F9077AF00D50555 /* CA17.png */ = {isa = PBXFileReference; lastKnownFileType = image.png; path = CA17.png; sourceTree = "<group>"; };
		A0F7A4F30F9077AF00D50555 /* CA18.png */ = {isa = PBXFileReference; lastKnownFileType = image.png; path = CA18.png; sourceTree = "<group>"; };
		A0F7A4F40F9077AF00D50555 /* CA19.png */ = {isa = PBXFileReference; lastKnownFileType = image.png; path = CA19.png; sourceTree = "<group>"; };
		A0F7A4F50F9077AF00D50555 /* CA20.png */ = {isa = PBXFileReference; lastKnownFileType = image.png; path = CA20.png; sourceTree = "<group>"; };
		A0F7A4F60F9077AF00D50555 /* CAI.png */ = {isa = PBXFileReference; lastKnownFileType = image.png; path = CAI.png; sourceTree = "<group>"; };
		A0F7A4F70F9077AF00D50555 /* CAM.png */ = {isa = PBXFileReference; lastKnownFileType = image.png; path = CAM.png; sourceTree = "<group>"; };
		A0F7A4F80F9077AF00D50555 /* CB.png */ = {isa = PBXFileReference; lastKnownFileType = image.png; path = CB.png; sourceTree = "<group>"; };
		A0F7A4F90F9077AF00D50555 /* CR.png */ = {isa = PBXFileReference; lastKnownFileType = image.png; path = CR.png; sourceTree = "<group>"; };
		A0F7A4FA0F9077AF00D50555 /* CS.png */ = {isa = PBXFileReference; lastKnownFileType = image.png; path = CS.png; sourceTree = "<group>"; };
		A0F7A5150F9077BC00D50555 /* D_INFO.png */ = {isa = PBXFileReference; lastKnownFileType = image.png; path = D_INFO.png; sourceTree = "<group>"; };
		A0F7A5170F9077BC00D50555 /* DA01.png */ = {isa = PBXFileReference; lastKnownFileType = image.png; path = DA01.png; sourceTree = "<group>"; };
		A0F7A5180F9077BC00D50555 /* DA02.png */ = {isa = PBXFileReference; lastKnownFileType = image.png; path = DA02.png; sourceTree = "<group>"; };
		A0F7A5190F9077BC00D50555 /* DA03.png */ = {isa = PBXFileReference; lastKnownFileType = image.png; path = DA03.png; sourceTree = "<group>"; };
		A0F7A51A0F9077BC00D50555 /* DA04.png */ = {isa = PBXFileReference; lastKnownFileType = image.png; path = DA04.png; sourceTree = "<group>"; };
		A0F7A51B0F9077BC00D50555 /* DA05.png */ = {isa = PBXFileReference; lastKnownFileType = image.png; path = DA05.png; sourceTree = "<group>"; };
		A0F7A51C0F9077BC00D50555 /* DA06.png */ = {isa = PBXFileReference; lastKnownFileType = image.png; path = DA06.png; sourceTree = "<group>"; };
		A0F7A51D0F9077BC00D50555 /* DA07.png */ = {isa = PBXFileReference; lastKnownFileType = image.png; path = DA07.png; sourceTree = "<group>"; };
		A0F7A51E0F9077BC00D50555 /* DA08.png */ = {isa = PBXFileReference; lastKnownFileType = image.png; path = DA08.png; sourceTree = "<group>"; };
		A0F7A51F0F9077BC00D50555 /* DA09.png */ = {isa = PBXFileReference; lastKnownFileType = image.png; path = DA09.png; sourceTree = "<group>"; };
		A0F7A5200F9077BC00D50555 /* DA10.png */ = {isa = PBXFileReference; lastKnownFileType = image.png; path = DA10.png; sourceTree = "<group>"; };
		A0F7A5210F9077BC00D50555 /* DA11.png */ = {isa = PBXFileReference; lastKnownFileType = image.png; path = DA11.png; sourceTree = "<group>"; };
		A0F7A5220F9077BC00D50555 /* DA12.png */ = {isa = PBXFileReference; lastKnownFileType = image.png; path = DA12.png; sourceTree = "<group>"; };
		A0F7A5230F9077BC00D50555 /* DA13.png */ = {isa = PBXFileReference; lastKnownFileType = image.png; path = DA13.png; sourceTree = "<group>"; };
		A0F7A5240F9077BC00D50555 /* DA14.png */ = {isa = PBXFileReference; lastKnownFileType = image.png; path = DA14.png; sourceTree = "<group>"; };
		A0F7A5250F9077BC00D50555 /* DA15.png */ = {isa = PBXFileReference; lastKnownFileType = image.png; path = DA15.png; sourceTree = "<group>"; };
		A0F7A5260F9077BC00D50555 /* DA16.png */ = {isa = PBXFileReference; lastKnownFileType = image.png; path = DA16.png; sourceTree = "<group>"; };
		A0F7A5270F9077BC00D50555 /* DA17.png */ = {isa = PBXFileReference; lastKnownFileType = image.png; path = DA17.png; sourceTree = "<group>"; };
		A0F7A5280F9077BC00D50555 /* DA18.png */ = {isa = PBXFileReference; lastKnownFileType = image.png; path = DA18.png; sourceTree = "<group>"; };
		A0F7A5290F9077BC00D50555 /* DA19.png */ = {isa = PBXFileReference; lastKnownFileType = image.png; path = DA19.png; sourceTree = "<group>"; };
		A0F7A52A0F9077BC00D50555 /* DA20.png */ = {isa = PBXFileReference; lastKnownFileType = image.png; path = DA20.png; sourceTree = "<group>"; };
		A0F7A52B0F9077BC00D50555 /* DAI.png */ = {isa = PBXFileReference; lastKnownFileType = image.png; path = DAI.png; sourceTree = "<group>"; };
		A0F7A52C0F9077BC00D50555 /* DAM.png */ = {isa = PBXFileReference; lastKnownFileType = image.png; path = DAM.png; sourceTree = "<group>"; };
		A0F7A52D0F9077BC00D50555 /* DB.png */ = {isa = PBXFileReference; lastKnownFileType = image.png; path = DB.png; sourceTree = "<group>"; };
		A0F7A52E0F9077BC00D50555 /* DR.png */ = {isa = PBXFileReference; lastKnownFileType = image.png; path = DR.png; sourceTree = "<group>"; };
		A0F7A52F0F9077BC00D50555 /* DS.png */ = {isa = PBXFileReference; lastKnownFileType = image.png; path = DS.png; sourceTree = "<group>"; };
		A0F7A54A0F9077E800D50555 /* G_INFO.png */ = {isa = PBXFileReference; lastKnownFileType = image.png; path = G_INFO.png; sourceTree = "<group>"; };
		A0F7A54C0F9077E800D50555 /* GA01.png */ = {isa = PBXFileReference; lastKnownFileType = image.png; path = GA01.png; sourceTree = "<group>"; };
		A0F7A54D0F9077E800D50555 /* GA02.png */ = {isa = PBXFileReference; lastKnownFileType = image.png; path = GA02.png; sourceTree = "<group>"; };
		A0F7A54E0F9077E800D50555 /* GA03.png */ = {isa = PBXFileReference; lastKnownFileType = image.png; path = GA03.png; sourceTree = "<group>"; };
		A0F7A54F0F9077E800D50555 /* GA04.png */ = {isa = PBXFileReference; lastKnownFileType = image.png; path = GA04.png; sourceTree = "<group>"; };
		A0F7A5500F9077E800D50555 /* GA05.png */ = {isa = PBXFileReference; lastKnownFileType = image.png; path = GA05.png; sourceTree = "<group>"; };
		A0F7A5510F9077E800D50555 /* GA06.png */ = {isa = PBXFileReference; lastKnownFileType = image.png; path = GA06.png; sourceTree = "<group>"; };
		A0F7A5520F9077E800D50555 /* GA07.png */ = {isa = PBXFileReference; lastKnownFileType = image.png; path = GA07.png; sourceTree = "<group>"; };
		A0F7A5530F9077E800D50555 /* GA08.png */ = {isa = PBXFileReference; lastKnownFileType = image.png; path = GA08.png; sourceTree = "<group>"; };
		A0F7A5540F9077E800D50555 /* GA09.png */ = {isa = PBXFileReference; lastKnownFileType = image.png; path = GA09.png; sourceTree = "<group>"; };
		A0F7A5550F9077E800D50555 /* GA10.png */ = {isa = PBXFileReference; lastKnownFileType = image.png; path = GA10.png; sourceTree = "<group>"; };
		A0F7A5560F9077E800D50555 /* GA11.png */ = {isa = PBXFileReference; lastKnownFileType = image.png; path = GA11.png; sourceTree = "<group>"; };
		A0F7A5570F9077E800D50555 /* GA12.png */ = {isa = PBXFileReference; lastKnownFileType = image.png; path = GA12.png; sourceTree = "<group>"; };
		A0F7A5580F9077E800D50555 /* GA13.png */ = {isa = PBXFileReference; lastKnownFileType = image.png; path = GA13.png; sourceTree = "<group>"; };
		A0F7A5590F9077E800D50555 /* GA14.png */ = {isa = PBXFileReference; lastKnownFileType = image.png; path = GA14.png; sourceTree = "<group>"; };
		A0F7A55A0F9077E800D50555 /* GA15.png */ = {isa = PBXFileReference; lastKnownFileType = image.png; path = GA15.png; sourceTree = "<group>"; };
		A0F7A55B0F9077E800D50555 /* GA16.png */ = {isa = PBXFileReference; lastKnownFileType = image.png; path = GA16.png; sourceTree = "<group>"; };
		A0F7A55C0F9077E800D50555 /* GA17.png */ = {isa = PBXFileReference; lastKnownFileType = image.png; path = GA17.png; sourceTree = "<group>"; };
		A0F7A55D0F9077E800D50555 /* GA18.png */ = {isa = PBXFileReference; lastKnownFileType = image.png; path = GA18.png; sourceTree = "<group>"; };
		A0F7A55E0F9077E800D50555 /* GA19.png */ = {isa = PBXFileReference; lastKnownFileType = image.png; path = GA19.png; sourceTree = "<group>"; };
		A0F7A55F0F9077E800D50555 /* GA20.png */ = {isa = PBXFileReference; lastKnownFileType = image.png; path = GA20.png; sourceTree = "<group>"; };
		A0F7A5600F9077E800D50555 /* GAI.png */ = {isa = PBXFileReference; lastKnownFileType = image.png; path = GAI.png; sourceTree = "<group>"; };
		A0F7A5610F9077E800D50555 /* GAM.png */ = {isa = PBXFileReference; lastKnownFileType = image.png; path = GAM.png; sourceTree = "<group>"; };
		A0F7A5620F9077E800D50555 /* GB.png */ = {isa = PBXFileReference; lastKnownFileType = image.png; path = GB.png; sourceTree = "<group>"; };
		A0F7A5630F9077E800D50555 /* GR.png */ = {isa = PBXFileReference; lastKnownFileType = image.png; path = GR.png; sourceTree = "<group>"; };
		A0F7A5640F9077E800D50555 /* GS.png */ = {isa = PBXFileReference; lastKnownFileType = image.png; path = GS.png; sourceTree = "<group>"; };
		A0F7A57F0F9077F300D50555 /* N_INFO.png */ = {isa = PBXFileReference; lastKnownFileType = image.png; path = N_INFO.png; sourceTree = "<group>"; };
		A0F7A5810F9077F300D50555 /* NA01.png */ = {isa = PBXFileReference; lastKnownFileType = image.png; path = NA01.png; sourceTree = "<group>"; };
		A0F7A5820F9077F300D50555 /* NA02.png */ = {isa = PBXFileReference; lastKnownFileType = image.png; path = NA02.png; sourceTree = "<group>"; };
		A0F7A5830F9077F300D50555 /* NA03.png */ = {isa = PBXFileReference; lastKnownFileType = image.png; path = NA03.png; sourceTree = "<group>"; };
		A0F7A5840F9077F300D50555 /* NA04.png */ = {isa = PBXFileReference; lastKnownFileType = image.png; path = NA04.png; sourceTree = "<group>"; };
		A0F7A5850F9077F300D50555 /* NA05.png */ = {isa = PBXFileReference; lastKnownFileType = image.png; path = NA05.png; sourceTree = "<group>"; };
		A0F7A5860F9077F300D50555 /* NA06.png */ = {isa = PBXFileReference; lastKnownFileType = image.png; path = NA06.png; sourceTree = "<group>"; };
		A0F7A5870F9077F300D50555 /* NA07.png */ = {isa = PBXFileReference; lastKnownFileType = image.png; path = NA07.png; sourceTree = "<group>"; };
		A0F7A5880F9077F300D50555 /* NA08.png */ = {isa = PBXFileReference; lastKnownFileType = image.png; path = NA08.png; sourceTree = "<group>"; };
		A0F7A5890F9077F300D50555 /* NA09.png */ = {isa = PBXFileReference; lastKnownFileType = image.png; path = NA09.png; sourceTree = "<group>"; };
		A0F7A58A0F9077F300D50555 /* NA10.png */ = {isa = PBXFileReference; lastKnownFileType = image.png; path = NA10.png; sourceTree = "<group>"; };
		A0F7A58B0F9077F300D50555 /* NA11.png */ = {isa = PBXFileReference; lastKnownFileType = image.png; path = NA11.png; sourceTree = "<group>"; };
		A0F7A58C0F9077F300D50555 /* NA12.png */ = {isa = PBXFileReference; lastKnownFileType = image.png; path = NA12.png; sourceTree = "<group>"; };
		A0F7A58D0F9077F300D50555 /* NA13.png */ = {isa = PBXFileReference; lastKnownFileType = image.png; path = NA13.png; sourceTree = "<group>"; };
		A0F7A58E0F9077F300D50555 /* NA14.png */ = {isa = PBXFileReference; lastKnownFileType = image.png; path = NA14.png; sourceTree = "<group>"; };
		A0F7A58F0F9077F300D50555 /* NA15.png */ = {isa = PBXFileReference; lastKnownFileType = image.png; path = NA15.png; sourceTree = "<group>"; };
		A0F7A5900F9077F300D50555 /* NA16.png */ = {isa = PBXFileReference; lastKnownFileType = image.png; path = NA16.png; sourceTree = "<group>"; };
		A0F7A5910F9077F300D50555 /* NA17.png */ = {isa = PBXFileReference; lastKnownFileType = image.png; path = NA17.png; sourceTree = "<group>"; };
		A0F7A5920F9077F300D50555 /* NA18.png */ = {isa = PBXFileReference; lastKnownFileType = image.png; path = NA18.png; sourceTree = "<group>"; };
		A0F7A5930F9077F300D50555 /* NA19.png */ = {isa = PBXFileReference; lastKnownFileType = image.png; path = NA19.png; sourceTree = "<group>"; };
		A0F7A5940F9077F300D50555 /* NA20.png */ = {isa = PBXFileReference; lastKnownFileType = image.png; path = NA20.png; sourceTree = "<group>"; };
		A0F7A5950F9077F300D50555 /* NAI.png */ = {isa = PBXFileReference; lastKnownFileType = image.png; path = NAI.png; sourceTree = "<group>"; };
		A0F7A5960F9077F300D50555 /* NAM.png */ = {isa = PBXFileReference; lastKnownFileType = image.png; path = NAM.png; sourceTree = "<group>"; };
		A0F7A5970F9077F300D50555 /* NB.png */ = {isa = PBXFileReference; lastKnownFileType = image.png; path = NB.png; sourceTree = "<group>"; };
		A0F7A5980F9077F300D50555 /* NR.png */ = {isa = PBXFileReference; lastKnownFileType = image.png; path = NR.png; sourceTree = "<group>"; };
		A0F7A5990F9077F300D50555 /* NS.png */ = {isa = PBXFileReference; lastKnownFileType = image.png; path = NS.png; sourceTree = "<group>"; };
		A0F7A5B40F90780200D50555 /* P_INFO.png */ = {isa = PBXFileReference; lastKnownFileType = image.png; path = P_INFO.png; sourceTree = "<group>"; };
		A0F7A5B60F90780200D50555 /* PA01.png */ = {isa = PBXFileReference; lastKnownFileType = image.png; path = PA01.png; sourceTree = "<group>"; };
		A0F7A5B70F90780200D50555 /* PA02.png */ = {isa = PBXFileReference; lastKnownFileType = image.png; path = PA02.png; sourceTree = "<group>"; };
		A0F7A5B80F90780200D50555 /* PA03.png */ = {isa = PBXFileReference; lastKnownFileType = image.png; path = PA03.png; sourceTree = "<group>"; };
		A0F7A5B90F90780200D50555 /* PA04.png */ = {isa = PBXFileReference; lastKnownFileType = image.png; path = PA04.png; sourceTree = "<group>"; };
		A0F7A5BA0F90780200D50555 /* PA05.png */ = {isa = PBXFileReference; lastKnownFileType = image.png; path = PA05.png; sourceTree = "<group>"; };
		A0F7A5BB0F90780200D50555 /* PA06.png */ = {isa = PBXFileReference; lastKnownFileType = image.png; path = PA06.png; sourceTree = "<group>"; };
		A0F7A5BC0F90780200D50555 /* PA07.png */ = {isa = PBXFileReference; lastKnownFileType = image.png; path = PA07.png; sourceTree = "<group>"; };
		A0F7A5BD0F90780200D50555 /* PA08.png */ = {isa = PBXFileReference; lastKnownFileType = image.png; path = PA08.png; sourceTree = "<group>"; };
		A0F7A5BE0F90780200D50555 /* PA09.png */ = {isa = PBXFileReference; lastKnownFileType = image.png; path = PA09.png; sourceTree = "<group>"; };
		A0F7A5BF0F90780200D50555 /* PA10.png */ = {isa = PBXFileReference; lastKnownFileType = image.png; path = PA10.png; sourceTree = "<group>"; };
		A0F7A5C00F90780200D50555 /* PA11.png */ = {isa = PBXFileReference; lastKnownFileType = image.png; path = PA11.png; sourceTree = "<group>"; };
		A0F7A5C10F90780200D50555 /* PA12.png */ = {isa = PBXFileReference; lastKnownFileType = image.png; path = PA12.png; sourceTree = "<group>"; };
		A0F7A5C20F90780200D50555 /* PA13.png */ = {isa = PBXFileReference; lastKnownFileType = image.png; path = PA13.png; sourceTree = "<group>"; };
		A0F7A5C30F90780200D50555 /* PA14.png */ = {isa = PBXFileReference; lastKnownFileType = image.png; path = PA14.png; sourceTree = "<group>"; };
		A0F7A5C40F90780200D50555 /* PA15.png */ = {isa = PBXFileReference; lastKnownFileType = image.png; path = PA15.png; sourceTree = "<group>"; };
		A0F7A5C50F90780200D50555 /* PA16.png */ = {isa = PBXFileReference; lastKnownFileType = image.png; path = PA16.png; sourceTree = "<group>"; };
		A0F7A5C60F90780200D50555 /* PA17.png */ = {isa = PBXFileReference; lastKnownFileType = image.png; path = PA17.png; sourceTree = "<group>"; };
		A0F7A5C70F90780200D50555 /* PA18.png */ = {isa = PBXFileReference; lastKnownFileType = image.png; path = PA18.png; sourceTree = "<group>"; };
		A0F7A5C80F90780200D50555 /* PA19.png */ = {isa = PBXFileReference; lastKnownFileType = image.png; path = PA19.png; sourceTree = "<group>"; };
		A0F7A5C90F90780200D50555 /* PA20.png */ = {isa = PBXFileReference; lastKnownFileType = image.png; path = PA20.png; sourceTree = "<group>"; };
		A0F7A5CA0F90780200D50555 /* PAI.png */ = {isa = PBXFileReference; lastKnownFileType = image.png; path = PAI.png; sourceTree = "<group>"; };
		A0F7A5CB0F90780200D50555 /* PAM.png */ = {isa = PBXFileReference; lastKnownFileType = image.png; path = PAM.png; sourceTree = "<group>"; };
		A0F7A5CC0F90780200D50555 /* PB.png */ = {isa = PBXFileReference; lastKnownFileType = image.png; path = PB.png; sourceTree = "<group>"; };
		A0F7A5CD0F90780200D50555 /* PR.png */ = {isa = PBXFileReference; lastKnownFileType = image.png; path = PR.png; sourceTree = "<group>"; };
		A0F7A5CE0F90780200D50555 /* PS.png */ = {isa = PBXFileReference; lastKnownFileType = image.png; path = PS.png; sourceTree = "<group>"; };
		A0F7A5E90F90780E00D50555 /* Z_INFO.png */ = {isa = PBXFileReference; lastKnownFileType = image.png; path = Z_INFO.png; sourceTree = "<group>"; };
		A0F7A5EB0F90780E00D50555 /* ZA01.png */ = {isa = PBXFileReference; lastKnownFileType = image.png; path = ZA01.png; sourceTree = "<group>"; };
		A0F7A5EC0F90780E00D50555 /* ZA02.png */ = {isa = PBXFileReference; lastKnownFileType = image.png; path = ZA02.png; sourceTree = "<group>"; };
		A0F7A5ED0F90780E00D50555 /* ZA03.png */ = {isa = PBXFileReference; lastKnownFileType = image.png; path = ZA03.png; sourceTree = "<group>"; };
		A0F7A5EE0F90780E00D50555 /* ZA04.png */ = {isa = PBXFileReference; lastKnownFileType = image.png; path = ZA04.png; sourceTree = "<group>"; };
		A0F7A5EF0F90780E00D50555 /* ZA05.png */ = {isa = PBXFileReference; lastKnownFileType = image.png; path = ZA05.png; sourceTree = "<group>"; };
		A0F7A5F00F90780E00D50555 /* ZA06.png */ = {isa = PBXFileReference; lastKnownFileType = image.png; path = ZA06.png; sourceTree = "<group>"; };
		A0F7A5F10F90780E00D50555 /* ZA07.png */ = {isa = PBXFileReference; lastKnownFileType = image.png; path = ZA07.png; sourceTree = "<group>"; };
		A0F7A5F20F90780E00D50555 /* ZA08.png */ = {isa = PBXFileReference; lastKnownFileType = image.png; path = ZA08.png; sourceTree = "<group>"; };
		A0F7A5F30F90780E00D50555 /* ZA09.png */ = {isa = PBXFileReference; lastKnownFileType = image.png; path = ZA09.png; sourceTree = "<group>"; };
		A0F7A5F40F90780E00D50555 /* ZA10.png */ = {isa = PBXFileReference; lastKnownFileType = image.png; path = ZA10.png; sourceTree = "<group>"; };
		A0F7A5F50F90780E00D50555 /* ZA11.png */ = {isa = PBXFileReference; lastKnownFileType = image.png; path = ZA11.png; sourceTree = "<group>"; };
		A0F7A5F60F90780E00D50555 /* ZA12.png */ = {isa = PBXFileReference; lastKnownFileType = image.png; path = ZA12.png; sourceTree = "<group>"; };
		A0F7A5F70F90780E00D50555 /* ZA13.png */ = {isa = PBXFileReference; lastKnownFileType = image.png; path = ZA13.png; sourceTree = "<group>"; };
		A0F7A5F80F90780E00D50555 /* ZA14.png */ = {isa = PBXFileReference; lastKnownFileType = image.png; path = ZA14.png; sourceTree = "<group>"; };
		A0F7A5F90F90780E00D50555 /* ZA15.png */ = {isa = PBXFileReference; lastKnownFileType = image.png; path = ZA15.png; sourceTree = "<group>"; };
		A0F7A5FA0F90780E00D50555 /* ZA16.png */ = {isa = PBXFileReference; lastKnownFileType = image.png; path = ZA16.png; sourceTree = "<group>"; };
		A0F7A5FB0F90780E00D50555 /* ZA17.png */ = {isa = PBXFileReference; lastKnownFileType = image.png; path = ZA17.png; sourceTree = "<group>"; };
		A0F7A5FC0F90780E00D50555 /* ZA18.png */ = {isa = PBXFileReference; lastKnownFileType = image.png; path = ZA18.png; sourceTree = "<group>"; };
		A0F7A5FD0F90780E00D50555 /* ZA19.png */ = {isa = PBXFileReference; lastKnownFileType = image.png; path = ZA19.png; sourceTree = "<group>"; };
		A0F7A5FE0F90780E00D50555 /* ZA20.png */ = {isa = PBXFileReference; lastKnownFileType = image.png; path = ZA20.png; sourceTree = "<group>"; };
		A0F7A5FF0F90780E00D50555 /* ZAI.png */ = {isa = PBXFileReference; lastKnownFileType = image.png; path = ZAI.png; sourceTree = "<group>"; };
		A0F7A6000F90780E00D50555 /* ZAM.png */ = {isa = PBXFileReference; lastKnownFileType = image.png; path = ZAM.png; sourceTree = "<group>"; };
		A0F7A6010F90780E00D50555 /* ZB.png */ = {isa = PBXFileReference; lastKnownFileType = image.png; path = ZB.png; sourceTree = "<group>"; };
		A0F7A6020F90780E00D50555 /* ZR.png */ = {isa = PBXFileReference; lastKnownFileType = image.png; path = ZR.png; sourceTree = "<group>"; };
		A0F7A6030F90780E00D50555 /* ZS.png */ = {isa = PBXFileReference; lastKnownFileType = image.png; path = ZS.png; sourceTree = "<group>"; };
		A0F7A64D0F907B0000D50555 /* menu.png */ = {isa = PBXFileReference; lastKnownFileType = image.png; path = menu.png; sourceTree = "<group>"; };
		A0F7A6990F90839900D50555 /* AskDaveIcon57.png */ = {isa = PBXFileReference; lastKnownFileType = image.png; path = AskDaveIcon57.png; sourceTree = "<group>"; };
		A0F7A75E0F90C91C00D50555 /* COPYING */ = {isa = PBXFileReference; fileEncoding = 4; lastKnownFileType = text; path = COPYING; sourceTree = "<group>"; };
		A0F7A7600F90C94D00D50555 /* AskDaveIcon512.png */ = {isa = PBXFileReference; lastKnownFileType = image.png; path = AskDaveIcon512.png; sourceTree = "<group>"; };
		A0F7A7620F90C9A500D50555 /* C_COMPOSITE.png */ = {isa = PBXFileReference; lastKnownFileType = image.png; path = C_COMPOSITE.png; sourceTree = "<group>"; };
		A0F7A7630F90C9B300D50555 /* D_COMPOSITE.png */ = {isa = PBXFileReference; lastKnownFileType = image.png; path = D_COMPOSITE.png; sourceTree = "<group>"; };
		A0F7A7640F90C9BD00D50555 /* G_COMPOSITE.png */ = {isa = PBXFileReference; lastKnownFileType = image.png; path = G_COMPOSITE.png; sourceTree = "<group>"; };
		A0F7A7650F90C9C900D50555 /* N_COMPOSITE.png */ = {isa = PBXFileReference; lastKnownFileType = image.png; path = N_COMPOSITE.png; sourceTree = "<group>"; };
		A0F7A7660F90C9D300D50555 /* P_COMPOSITE.png */ = {isa = PBXFileReference; lastKnownFileType = image.png; path = P_COMPOSITE.png; sourceTree = "<group>"; };
		A0F7A7670F90C9DF00D50555 /* Z_COMPOSITE.png */ = {isa = PBXFileReference; lastKnownFileType = image.png; path = Z_COMPOSITE.png; sourceTree = "<group>"; };
		A0F7A7700F90CB1C00D50555 /* ZZZ_ButtonCOMPOSITE.png */ = {isa = PBXFileReference; lastKnownFileType = image.png; path = ZZZ_ButtonCOMPOSITE.png; sourceTree = "<group>"; };
		A0F7A7710F90CB1C00D50555 /* ZZZ_ButtonMeasures.jpg */ = {isa = PBXFileReference; lastKnownFileType = image.jpeg; path = ZZZ_ButtonMeasures.jpg; sourceTree = "<group>"; };
		A0F7A7770F90CB4F00D50555 /* StoreScreenShot1.png */ = {isa = PBXFileReference; lastKnownFileType = image.png; path = StoreScreenShot1.png; sourceTree = "<group>"; };
		A0F7A7780F90CB4F00D50555 /* StoreScreenShot2.png */ = {isa = PBXFileReference; lastKnownFileType = image.png; path = StoreScreenShot2.png; sourceTree = "<group>"; };
		A0F7A7790F90CB4F00D50555 /* StoreScreenShot3.png */ = {isa = PBXFileReference; lastKnownFileType = image.png; path = StoreScreenShot3.png; sourceTree = "<group>"; };
		A0F7A77A0F90CB4F00D50555 /* StoreScreenShot5.png */ = {isa = PBXFileReference; lastKnownFileType = image.png; path = StoreScreenShot5.png; sourceTree = "<group>"; };
		A0F7A77B0F90CB4F00D50555 /* StoreScreenshot4.png */ = {isa = PBXFileReference; lastKnownFileType = image.png; path = StoreScreenshot4.png; sourceTree = "<group>"; };
		A0F7A8C40F90FB2E00D50555 /* UIImageAskDave.h */ = {isa = PBXFileReference; fileEncoding = 4; lastKnownFileType = sourcecode.c.h; path = UIImageAskDave.h; sourceTree = "<group>"; };
		A0F7A8C50F90FB2E00D50555 /* UIImageAskDave.m */ = {isa = PBXFileReference; fileEncoding = 4; lastKnownFileType = sourcecode.c.objc; path = UIImageAskDave.m; sourceTree = "<group>"; };
/* End PBXFileReference section */

/* Begin PBXFrameworksBuildPhase section */
		1D60588F0D05DD3D006BFB54 /* Frameworks */ = {
			isa = PBXFrameworksBuildPhase;
			buildActionMask = 2147483647;
			files = (
				1D60589F0D05DD5A006BFB54 /* Foundation.framework in Frameworks */,
				1DF5F4E00D08C38300B7A737 /* UIKit.framework in Frameworks */,
				288765A50DF7441C002DB57D /* CoreGraphics.framework in Frameworks */,
				A07FD0190F8070DB00CA32C5 /* AudioToolbox.framework in Frameworks */,
				A039533E0F8893EC00215BC8 /* QuartzCore.framework in Frameworks */,
			);
			runOnlyForDeploymentPostprocessing = 0;
		};
/* End PBXFrameworksBuildPhase section */

/* Begin PBXGroup section */
		080E96DDFE201D6D7F000001 /* Classes */ = {
			isa = PBXGroup;
			children = (
				A0CBA32C0FAD9985004A7BFB /* Controllers */,
				A0CBA32D0FAD998E004A7BFB /* Views */,
				1D3623240D0F684500981E51 /* AppDelegate.h */,
				1D3623250D0F684500981E51 /* AppDelegate.m */,
			);
			name = Classes;
			path = classes;
			sourceTree = "<group>";
		};
		19C28FACFE9D520D11CA2CBB /* Products */ = {
			isa = PBXGroup;
			children = (
				1D6058910D05DD3D006BFB54 /* Ask Dave.app */,
			);
			name = Products;
			sourceTree = "<group>";
		};
		29B97314FDCFA39411CA2CEA /* CustomTemplate */ = {
			isa = PBXGroup;
			children = (
				A0F7A75E0F90C91C00D50555 /* COPYING */,
				A03955A10F8915C200215BC8 /* README */,
				A0F7A8C30F90FAE800D50555 /* Categories */,
				080E96DDFE201D6D7F000001 /* Classes */,
				29B97315FDCFA39411CA2CEA /* Other Sources */,
				29B97317FDCFA39411CA2CEA /* Resources */,
				29B97323FDCFA39411CA2CEA /* Frameworks */,
				19C28FACFE9D520D11CA2CBB /* Products */,
				A0BCD7360F91533600553076 /* Entitlements.plist */,
			);
			name = CustomTemplate;
			sourceTree = "<group>";
		};
		29B97315FDCFA39411CA2CEA /* Other Sources */ = {
			isa = PBXGroup;
			children = (
				32CA4F630368D1EE00C91783 /* AskDave_Prefix.pch */,
				29B97316FDCFA39411CA2CEA /* main.m */,
				A082D7EB0FA4653C00BE7D1A /* common.h */,
			);
			name = "Other Sources";
			path = other;
			sourceTree = "<group>";
		};
		29B97317FDCFA39411CA2CEA /* Resources */ = {
			isa = PBXGroup;
			children = (
				A06EBA010F8E08FE00EB5176 /* images */,
				28AD733E0D9D9553002E5188 /* MainWindow.xib */,
				8D1107310486CEB800E47090 /* Info.plist */,
			);
			name = Resources;
			path = resources;
			sourceTree = "<group>";
		};
		29B97323FDCFA39411CA2CEA /* Frameworks */ = {
			isa = PBXGroup;
			children = (
				A07FD0180F8070DB00CA32C5 /* AudioToolbox.framework */,
				A039533D0F8893EC00215BC8 /* QuartzCore.framework */,
				1DF5F4DF0D08C38300B7A737 /* UIKit.framework */,
				1D30AB110D05D00D00671497 /* Foundation.framework */,
				288765A40DF7441C002DB57D /* CoreGraphics.framework */,
			);
			name = Frameworks;
			sourceTree = "<group>";
		};
		A06EB9E40F8DD1F700EB5176 /* classic */ = {
			isa = PBXGroup;
			children = (
				A0F7A7620F90C9A500D50555 /* C_COMPOSITE.png */,
				A0F7A4E00F9077AF00D50555 /* C_INFO.png */,
				A0F7A4E10F9077AF00D50555 /* CA */,
				A0F7A4F60F9077AF00D50555 /* CAI.png */,
				A0F7A4F70F9077AF00D50555 /* CAM.png */,
				A0F7A4F80F9077AF00D50555 /* CB.png */,
				A0F7A4F90F9077AF00D50555 /* CR.png */,
				A0F7A4FA0F9077AF00D50555 /* CS.png */,
			);
			path = classic;
			sourceTree = "<group>";
		};
		A06EB9E70F8DD1F700EB5176 /* devil */ = {
			isa = PBXGroup;
			children = (
				A0F7A7630F90C9B300D50555 /* D_COMPOSITE.png */,
				A0F7A5150F9077BC00D50555 /* D_INFO.png */,
				A0F7A5160F9077BC00D50555 /* DA */,
				A0F7A52B0F9077BC00D50555 /* DAI.png */,
				A0F7A52C0F9077BC00D50555 /* DAM.png */,
				A0F7A52D0F9077BC00D50555 /* DB.png */,
				A0F7A52E0F9077BC00D50555 /* DR.png */,
				A0F7A52F0F9077BC00D50555 /* DS.png */,
			);
			path = devil;
			sourceTree = "<group>";
		};
		A06EB9EA0F8DD1F700EB5176 /* nirvana */ = {
			isa = PBXGroup;
			children = (
				A0F7A7650F90C9C900D50555 /* N_COMPOSITE.png */,
				A0F7A57F0F9077F300D50555 /* N_INFO.png */,
				A0F7A5800F9077F300D50555 /* NA */,
				A0F7A5950F9077F300D50555 /* NAI.png */,
				A0F7A5960F9077F300D50555 /* NAM.png */,
				A0F7A5970F9077F300D50555 /* NB.png */,
				A0F7A5980F9077F300D50555 /* NR.png */,
				A0F7A5990F9077F300D50555 /* NS.png */,
			);
			path = nirvana;
			sourceTree = "<group>";
		};
		A06EB9ED0F8DD1F700EB5176 /* pirate */ = {
			isa = PBXGroup;
			children = (
				A0F7A7660F90C9D300D50555 /* P_COMPOSITE.png */,
				A0F7A5B40F90780200D50555 /* P_INFO.png */,
				A0F7A5B50F90780200D50555 /* PA */,
				A0F7A5CA0F90780200D50555 /* PAI.png */,
				A0F7A5CB0F90780200D50555 /* PAM.png */,
				A0F7A5CC0F90780200D50555 /* PB.png */,
				A0F7A5CD0F90780200D50555 /* PR.png */,
				A0F7A5CE0F90780200D50555 /* PS.png */,
			);
			path = pirate;
			sourceTree = "<group>";
		};
		A06EB9F00F8DD1F700EB5176 /* zombie */ = {
			isa = PBXGroup;
			children = (
				A0F7A7670F90C9DF00D50555 /* Z_COMPOSITE.png */,
				A0F7A5E90F90780E00D50555 /* Z_INFO.png */,
				A0F7A5EA0F90780E00D50555 /* ZA */,
				A0F7A5FF0F90780E00D50555 /* ZAI.png */,
				A0F7A6000F90780E00D50555 /* ZAM.png */,
				A0F7A6010F90780E00D50555 /* ZB.png */,
				A0F7A6020F90780E00D50555 /* ZR.png */,
				A0F7A6030F90780E00D50555 /* ZS.png */,
			);
			path = zombie;
			sourceTree = "<group>";
		};
		A06EBA010F8E08FE00EB5176 /* images */ = {
			isa = PBXGroup;
			children = (
				A076BD660FA782AB00154EAB /* COPYING */,
				A0F7A4BB0F9076AB00D50555 /* boards */,
				A0F7A4BC0F9076CC00D50555 /* menu */,
				A0F7A7760F90CB4F00D50555 /* store */,
				A0F7A6990F90839900D50555 /* AskDaveIcon57.png */,
				A0F7A7600F90C94D00D50555 /* AskDaveIcon512.png */,
				A07FD08F0F80769300CA32C5 /* Default.png */,
				A03954BC0F88F80700215BC8 /* settings.png */,
			);
			path = images;
			sourceTree = "<group>";
		};
		A07FCFB20F80507500CA32C5 /* geek */ = {
			isa = PBXGroup;
			children = (
				A0F7A7640F90C9BD00D50555 /* G_COMPOSITE.png */,
				A0F7A54A0F9077E800D50555 /* G_INFO.png */,
				A0F7A54B0F9077E800D50555 /* GA */,
				A0F7A5600F9077E800D50555 /* GAI.png */,
				A0F7A5610F9077E800D50555 /* GAM.png */,
				A0F7A5620F9077E800D50555 /* GB.png */,
				A0F7A5630F9077E800D50555 /* GR.png */,
				A0F7A5640F9077E800D50555 /* GS.png */,
			);
			path = geek;
			sourceTree = "<group>";
		};
		A0CBA32C0FAD9985004A7BFB /* Controllers */ = {
			isa = PBXGroup;
			children = (
				A07FCFF40F806E6700CA32C5 /* DaveController.h */,
				A07FCFF50F806E6700CA32C5 /* DaveController.m */,
				A07FD0080F80704200CA32C5 /* MenuController.h */,
				A07FD0090F80704200CA32C5 /* MenuController.m */,
				A07FD0050F80703100CA32C5 /* SettingsController.h */,
				A07FD0060F80703100CA32C5 /* SettingsController.m */,
			);
			name = Controllers;
			sourceTree = "<group>";
		};
		A0CBA32D0FAD998E004A7BFB /* Views */ = {
			isa = PBXGroup;
			children = (
				A082D7F80FA56DDB00BE7D1A /* DaveInfoView.h */,
				A082D7F90FA56DDB00BE7D1A /* DaveInfoView.m */,
				A082D7F50FA56DCA00BE7D1A /* DaveView.h */,
				A082D7F60FA56DCA00BE7D1A /* DaveView.m */,
				A0CBA32E0FAD99CB004A7BFB /* MenuView.h */,
				A0CBA32F0FAD99CB004A7BFB /* MenuView.m */,
			);
			name = Views;
			sourceTree = "<group>";
		};
		A0F7A4BB0F9076AB00D50555 /* boards */ = {
			isa = PBXGroup;
			children = (
				A06EB9E40F8DD1F700EB5176 /* classic */,
				A06EB9E70F8DD1F700EB5176 /* devil */,
				A07FCFB20F80507500CA32C5 /* geek */,
				A06EB9EA0F8DD1F700EB5176 /* nirvana */,
				A06EB9ED0F8DD1F700EB5176 /* pirate */,
				A06EB9F00F8DD1F700EB5176 /* zombie */,
			);
			path = boards;
			sourceTree = "<group>";
		};
		A0F7A4BC0F9076CC00D50555 /* menu */ = {
			isa = PBXGroup;
			children = (
				A0F7A64D0F907B0000D50555 /* menu.png */,
				A0F7A4C20F90776C00D50555 /* Button_AskDave.png */,
				A0F7A4C30F90776C00D50555 /* Button_Classic.png */,
				A0F7A4C40F90776C00D50555 /* Button_Devil.png */,
				A0F7A4C50F90776C00D50555 /* Button_Geeky.png */,
				A0F7A4C60F90776C00D50555 /* Button_Info.png */,
				A0F7A4C70F90776C00D50555 /* Button_Nirvana.png */,
				A0F7A4C80F90776C00D50555 /* Button_Pirate.png */,
				A0F7A4C90F90776C00D50555 /* Button_Zombie.png */,
				A0F7A4CA0F90776C00D50555 /* ButtonSwoop.png */,
				A0F7A4CB0F90776C00D50555 /* Dave_Classic.png */,
				A0F7A4CC0F90776C00D50555 /* Dave_Devil.png */,
				A0F7A4CD0F90776C00D50555 /* Dave_Geeky.png */,
				A0F7A4CE0F90776C00D50555 /* Dave_Nirvana.png */,
				A0F7A4CF0F90776C00D50555 /* Dave_Pirate.png */,
				A0F7A4D00F90776C00D50555 /* Dave_Zombie.png */,
				A0F7A7700F90CB1C00D50555 /* ZZZ_ButtonCOMPOSITE.png */,
				A0F7A7710F90CB1C00D50555 /* ZZZ_ButtonMeasures.jpg */,
			);
			path = menu;
			sourceTree = "<group>";
		};
		A0F7A4E10F9077AF00D50555 /* CA */ = {
			isa = PBXGroup;
			children = (
				A0F7A4E20F9077AF00D50555 /* CA01.png */,
				A0F7A4E30F9077AF00D50555 /* CA02.png */,
				A0F7A4E40F9077AF00D50555 /* CA03.png */,
				A0F7A4E50F9077AF00D50555 /* CA04.png */,
				A0F7A4E60F9077AF00D50555 /* CA05.png */,
				A0F7A4E70F9077AF00D50555 /* CA06.png */,
				A0F7A4E80F9077AF00D50555 /* CA07.png */,
				A0F7A4E90F9077AF00D50555 /* CA08.png */,
				A0F7A4EA0F9077AF00D50555 /* CA09.png */,
				A0F7A4EB0F9077AF00D50555 /* CA10.png */,
				A0F7A4EC0F9077AF00D50555 /* CA11.png */,
				A0F7A4ED0F9077AF00D50555 /* CA12.png */,
				A0F7A4EE0F9077AF00D50555 /* CA13.png */,
				A0F7A4EF0F9077AF00D50555 /* CA14.png */,
				A0F7A4F00F9077AF00D50555 /* CA15.png */,
				A0F7A4F10F9077AF00D50555 /* CA16.png */,
				A0F7A4F20F9077AF00D50555 /* CA17.png */,
				A0F7A4F30F9077AF00D50555 /* CA18.png */,
				A0F7A4F40F9077AF00D50555 /* CA19.png */,
				A0F7A4F50F9077AF00D50555 /* CA20.png */,
			);
			path = CA;
			sourceTree = "<group>";
		};
		A0F7A5160F9077BC00D50555 /* DA */ = {
			isa = PBXGroup;
			children = (
				A0F7A5170F9077BC00D50555 /* DA01.png */,
				A0F7A5180F9077BC00D50555 /* DA02.png */,
				A0F7A5190F9077BC00D50555 /* DA03.png */,
				A0F7A51A0F9077BC00D50555 /* DA04.png */,
				A0F7A51B0F9077BC00D50555 /* DA05.png */,
				A0F7A51C0F9077BC00D50555 /* DA06.png */,
				A0F7A51D0F9077BC00D50555 /* DA07.png */,
				A0F7A51E0F9077BC00D50555 /* DA08.png */,
				A0F7A51F0F9077BC00D50555 /* DA09.png */,
				A0F7A5200F9077BC00D50555 /* DA10.png */,
				A0F7A5210F9077BC00D50555 /* DA11.png */,
				A0F7A5220F9077BC00D50555 /* DA12.png */,
				A0F7A5230F9077BC00D50555 /* DA13.png */,
				A0F7A5240F9077BC00D50555 /* DA14.png */,
				A0F7A5250F9077BC00D50555 /* DA15.png */,
				A0F7A5260F9077BC00D50555 /* DA16.png */,
				A0F7A5270F9077BC00D50555 /* DA17.png */,
				A0F7A5280F9077BC00D50555 /* DA18.png */,
				A0F7A5290F9077BC00D50555 /* DA19.png */,
				A0F7A52A0F9077BC00D50555 /* DA20.png */,
			);
			path = DA;
			sourceTree = "<group>";
		};
		A0F7A54B0F9077E800D50555 /* GA */ = {
			isa = PBXGroup;
			children = (
				A0F7A54C0F9077E800D50555 /* GA01.png */,
				A0F7A54D0F9077E800D50555 /* GA02.png */,
				A0F7A54E0F9077E800D50555 /* GA03.png */,
				A0F7A54F0F9077E800D50555 /* GA04.png */,
				A0F7A5500F9077E800D50555 /* GA05.png */,
				A0F7A5510F9077E800D50555 /* GA06.png */,
				A0F7A5520F9077E800D50555 /* GA07.png */,
				A0F7A5530F9077E800D50555 /* GA08.png */,
				A0F7A5540F9077E800D50555 /* GA09.png */,
				A0F7A5550F9077E800D50555 /* GA10.png */,
				A0F7A5560F9077E800D50555 /* GA11.png */,
				A0F7A5570F9077E800D50555 /* GA12.png */,
				A0F7A5580F9077E800D50555 /* GA13.png */,
				A0F7A5590F9077E800D50555 /* GA14.png */,
				A0F7A55A0F9077E800D50555 /* GA15.png */,
				A0F7A55B0F9077E800D50555 /* GA16.png */,
				A0F7A55C0F9077E800D50555 /* GA17.png */,
				A0F7A55D0F9077E800D50555 /* GA18.png */,
				A0F7A55E0F9077E800D50555 /* GA19.png */,
				A0F7A55F0F9077E800D50555 /* GA20.png */,
			);
			path = GA;
			sourceTree = "<group>";
		};
		A0F7A5800F9077F300D50555 /* NA */ = {
			isa = PBXGroup;
			children = (
				A0F7A5810F9077F300D50555 /* NA01.png */,
				A0F7A5820F9077F300D50555 /* NA02.png */,
				A0F7A5830F9077F300D50555 /* NA03.png */,
				A0F7A5840F9077F300D50555 /* NA04.png */,
				A0F7A5850F9077F300D50555 /* NA05.png */,
				A0F7A5860F9077F300D50555 /* NA06.png */,
				A0F7A5870F9077F300D50555 /* NA07.png */,
				A0F7A5880F9077F300D50555 /* NA08.png */,
				A0F7A5890F9077F300D50555 /* NA09.png */,
				A0F7A58A0F9077F300D50555 /* NA10.png */,
				A0F7A58B0F9077F300D50555 /* NA11.png */,
				A0F7A58C0F9077F300D50555 /* NA12.png */,
				A0F7A58D0F9077F300D50555 /* NA13.png */,
				A0F7A58E0F9077F300D50555 /* NA14.png */,
				A0F7A58F0F9077F300D50555 /* NA15.png */,
				A0F7A5900F9077F300D50555 /* NA16.png */,
				A0F7A5910F9077F300D50555 /* NA17.png */,
				A0F7A5920F9077F300D50555 /* NA18.png */,
				A0F7A5930F9077F300D50555 /* NA19.png */,
				A0F7A5940F9077F300D50555 /* NA20.png */,
			);
			path = NA;
			sourceTree = "<group>";
		};
		A0F7A5B50F90780200D50555 /* PA */ = {
			isa = PBXGroup;
			children = (
				A0F7A5B60F90780200D50555 /* PA01.png */,
				A0F7A5B70F90780200D50555 /* PA02.png */,
				A0F7A5B80F90780200D50555 /* PA03.png */,
				A0F7A5B90F90780200D50555 /* PA04.png */,
				A0F7A5BA0F90780200D50555 /* PA05.png */,
				A0F7A5BB0F90780200D50555 /* PA06.png */,
				A0F7A5BC0F90780200D50555 /* PA07.png */,
				A0F7A5BD0F90780200D50555 /* PA08.png */,
				A0F7A5BE0F90780200D50555 /* PA09.png */,
				A0F7A5BF0F90780200D50555 /* PA10.png */,
				A0F7A5C00F90780200D50555 /* PA11.png */,
				A0F7A5C10F90780200D50555 /* PA12.png */,
				A0F7A5C20F90780200D50555 /* PA13.png */,
				A0F7A5C30F90780200D50555 /* PA14.png */,
				A0F7A5C40F90780200D50555 /* PA15.png */,
				A0F7A5C50F90780200D50555 /* PA16.png */,
				A0F7A5C60F90780200D50555 /* PA17.png */,
				A0F7A5C70F90780200D50555 /* PA18.png */,
				A0F7A5C80F90780200D50555 /* PA19.png */,
				A0F7A5C90F90780200D50555 /* PA20.png */,
			);
			path = PA;
			sourceTree = "<group>";
		};
		A0F7A5EA0F90780E00D50555 /* ZA */ = {
			isa = PBXGroup;
			children = (
				A0F7A5EB0F90780E00D50555 /* ZA01.png */,
				A0F7A5EC0F90780E00D50555 /* ZA02.png */,
				A0F7A5ED0F90780E00D50555 /* ZA03.png */,
				A0F7A5EE0F90780E00D50555 /* ZA04.png */,
				A0F7A5EF0F90780E00D50555 /* ZA05.png */,
				A0F7A5F00F90780E00D50555 /* ZA06.png */,
				A0F7A5F10F90780E00D50555 /* ZA07.png */,
				A0F7A5F20F90780E00D50555 /* ZA08.png */,
				A0F7A5F30F90780E00D50555 /* ZA09.png */,
				A0F7A5F40F90780E00D50555 /* ZA10.png */,
				A0F7A5F50F90780E00D50555 /* ZA11.png */,
				A0F7A5F60F90780E00D50555 /* ZA12.png */,
				A0F7A5F70F90780E00D50555 /* ZA13.png */,
				A0F7A5F80F90780E00D50555 /* ZA14.png */,
				A0F7A5F90F90780E00D50555 /* ZA15.png */,
				A0F7A5FA0F90780E00D50555 /* ZA16.png */,
				A0F7A5FB0F90780E00D50555 /* ZA17.png */,
				A0F7A5FC0F90780E00D50555 /* ZA18.png */,
				A0F7A5FD0F90780E00D50555 /* ZA19.png */,
				A0F7A5FE0F90780E00D50555 /* ZA20.png */,
			);
			path = ZA;
			sourceTree = "<group>";
		};
		A0F7A7760F90CB4F00D50555 /* store */ = {
			isa = PBXGroup;
			children = (
				A0F7A7770F90CB4F00D50555 /* StoreScreenShot1.png */,
				A0F7A7780F90CB4F00D50555 /* StoreScreenShot2.png */,
				A0F7A7790F90CB4F00D50555 /* StoreScreenShot3.png */,
				A0F7A77A0F90CB4F00D50555 /* StoreScreenShot5.png */,
				A0F7A77B0F90CB4F00D50555 /* StoreScreenshot4.png */,
			);
			path = store;
			sourceTree = "<group>";
		};
		A0F7A8C30F90FAE800D50555 /* Categories */ = {
			isa = PBXGroup;
			children = (
				A0F7A8C40F90FB2E00D50555 /* UIImageAskDave.h */,
				A0F7A8C50F90FB2E00D50555 /* UIImageAskDave.m */,
			);
			name = Categories;
			path = categories;
			sourceTree = "<group>";
		};
/* End PBXGroup section */

/* Begin PBXNativeTarget section */
		1D6058900D05DD3D006BFB54 /* Ask Dave */ = {
			isa = PBXNativeTarget;
			buildConfigurationList = 1D6058960D05DD3E006BFB54 /* Build configuration list for PBXNativeTarget "Ask Dave" */;
			buildPhases = (
				1D60588D0D05DD3D006BFB54 /* Resources */,
				1D60588E0D05DD3D006BFB54 /* Sources */,
				1D60588F0D05DD3D006BFB54 /* Frameworks */,
			);
			buildRules = (
			);
			dependencies = (
			);
			name = "Ask Dave";
			productName = "Ask Dave";
			productReference = 1D6058910D05DD3D006BFB54 /* Ask Dave.app */;
			productType = "com.apple.product-type.application";
		};
/* End PBXNativeTarget section */

/* Begin PBXProject section */
		29B97313FDCFA39411CA2CEA /* Project object */ = {
			isa = PBXProject;
			buildConfigurationList = C01FCF4E08A954540054247B /* Build configuration list for PBXProject "Ask Dave" */;
			compatibilityVersion = "Xcode 3.1";
			hasScannedForEncodings = 1;
			mainGroup = 29B97314FDCFA39411CA2CEA /* CustomTemplate */;
			projectDirPath = "";
			projectRoot = "";
			targets = (
				1D6058900D05DD3D006BFB54 /* Ask Dave */,
			);
		};
/* End PBXProject section */

/* Begin PBXResourcesBuildPhase section */
		1D60588D0D05DD3D006BFB54 /* Resources */ = {
			isa = PBXResourcesBuildPhase;
			buildActionMask = 2147483647;
			files = (
				28AD733F0D9D9553002E5188 /* MainWindow.xib in Resources */,
				A07FD0900F80769300CA32C5 /* Default.png in Resources */,
				A03954BD0F88F80700215BC8 /* settings.png in Resources */,
				A0F7A4FB0F9077AF00D50555 /* C_INFO.png in Resources */,
				A0F7A4FC0F9077AF00D50555 /* CA01.png in Resources */,
				A0F7A4FD0F9077AF00D50555 /* CA02.png in Resources */,
				A0F7A4FE0F9077AF00D50555 /* CA03.png in Resources */,
				A0F7A4FF0F9077AF00D50555 /* CA04.png in Resources */,
				A0F7A5000F9077AF00D50555 /* CA05.png in Resources */,
				A0F7A5010F9077AF00D50555 /* CA06.png in Resources */,
				A0F7A5020F9077AF00D50555 /* CA07.png in Resources */,
				A0F7A5030F9077AF00D50555 /* CA08.png in Resources */,
				A0F7A5040F9077AF00D50555 /* CA09.png in Resources */,
				A0F7A5050F9077AF00D50555 /* CA10.png in Resources */,
				A0F7A5060F9077AF00D50555 /* CA11.png in Resources */,
				A0F7A5070F9077AF00D50555 /* CA12.png in Resources */,
				A0F7A5080F9077AF00D50555 /* CA13.png in Resources */,
				A0F7A5090F9077AF00D50555 /* CA14.png in Resources */,
				A0F7A50A0F9077AF00D50555 /* CA15.png in Resources */,
				A0F7A50B0F9077AF00D50555 /* CA16.png in Resources */,
				A0F7A50C0F9077AF00D50555 /* CA17.png in Resources */,
				A0F7A50D0F9077AF00D50555 /* CA18.png in Resources */,
				A0F7A50E0F9077AF00D50555 /* CA19.png in Resources */,
				A0F7A50F0F9077AF00D50555 /* CA20.png in Resources */,
				A0F7A5100F9077AF00D50555 /* CAI.png in Resources */,
				A0F7A5110F9077AF00D50555 /* CAM.png in Resources */,
				A0F7A5120F9077AF00D50555 /* CB.png in Resources */,
				A0F7A5130F9077AF00D50555 /* CR.png in Resources */,
				A0F7A5140F9077AF00D50555 /* CS.png in Resources */,
				A0F7A5300F9077BC00D50555 /* D_INFO.png in Resources */,
				A0F7A5310F9077BC00D50555 /* DA01.png in Resources */,
				A0F7A5320F9077BC00D50555 /* DA02.png in Resources */,
				A0F7A5330F9077BC00D50555 /* DA03.png in Resources */,
				A0F7A5340F9077BC00D50555 /* DA04.png in Resources */,
				A0F7A5350F9077BC00D50555 /* DA05.png in Resources */,
				A0F7A5360F9077BC00D50555 /* DA06.png in Resources */,
				A0F7A5370F9077BC00D50555 /* DA07.png in Resources */,
				A0F7A5380F9077BC00D50555 /* DA08.png in Resources */,
				A0F7A5390F9077BC00D50555 /* DA09.png in Resources */,
				A0F7A53A0F9077BC00D50555 /* DA10.png in Resources */,
				A0F7A53B0F9077BC00D50555 /* DA11.png in Resources */,
				A0F7A53C0F9077BC00D50555 /* DA12.png in Resources */,
				A0F7A53D0F9077BC00D50555 /* DA13.png in Resources */,
				A0F7A53E0F9077BC00D50555 /* DA14.png in Resources */,
				A0F7A53F0F9077BC00D50555 /* DA15.png in Resources */,
				A0F7A5400F9077BC00D50555 /* DA16.png in Resources */,
				A0F7A5410F9077BC00D50555 /* DA17.png in Resources */,
				A0F7A5420F9077BC00D50555 /* DA18.png in Resources */,
				A0F7A5430F9077BC00D50555 /* DA19.png in Resources */,
				A0F7A5440F9077BC00D50555 /* DA20.png in Resources */,
				A0F7A5450F9077BC00D50555 /* DAI.png in Resources */,
				A0F7A5460F9077BC00D50555 /* DAM.png in Resources */,
				A0F7A5470F9077BC00D50555 /* DB.png in Resources */,
				A0F7A5480F9077BC00D50555 /* DR.png in Resources */,
				A0F7A5490F9077BC00D50555 /* DS.png in Resources */,
				A0F7A5650F9077E800D50555 /* G_INFO.png in Resources */,
				A0F7A5660F9077E800D50555 /* GA01.png in Resources */,
				A0F7A5670F9077E800D50555 /* GA02.png in Resources */,
				A0F7A5680F9077E800D50555 /* GA03.png in Resources */,
				A0F7A5690F9077E800D50555 /* GA04.png in Resources */,
				A0F7A56A0F9077E800D50555 /* GA05.png in Resources */,
				A0F7A56B0F9077E800D50555 /* GA06.png in Resources */,
				A0F7A56C0F9077E800D50555 /* GA07.png in Resources */,
				A0F7A56D0F9077E800D50555 /* GA08.png in Resources */,
				A0F7A56E0F9077E800D50555 /* GA09.png in Resources */,
				A0F7A56F0F9077E800D50555 /* GA10.png in Resources */,
				A0F7A5700F9077E800D50555 /* GA11.png in Resources */,
				A0F7A5710F9077E800D50555 /* GA12.png in Resources */,
				A0F7A5720F9077E800D50555 /* GA13.png in Resources */,
				A0F7A5730F9077E800D50555 /* GA14.png in Resources */,
				A0F7A5740F9077E800D50555 /* GA15.png in Resources */,
				A0F7A5750F9077E800D50555 /* GA16.png in Resources */,
				A0F7A5760F9077E800D50555 /* GA17.png in Resources */,
				A0F7A5770F9077E800D50555 /* GA18.png in Resources */,
				A0F7A5780F9077E800D50555 /* GA19.png in Resources */,
				A0F7A5790F9077E800D50555 /* GA20.png in Resources */,
				A0F7A57A0F9077E800D50555 /* GAI.png in Resources */,
				A0F7A57B0F9077E800D50555 /* GAM.png in Resources */,
				A0F7A57C0F9077E800D50555 /* GB.png in Resources */,
				A0F7A57D0F9077E800D50555 /* GR.png in Resources */,
				A0F7A57E0F9077E800D50555 /* GS.png in Resources */,
				A0F7A59A0F9077F300D50555 /* N_INFO.png in Resources */,
				A0F7A59B0F9077F300D50555 /* NA01.png in Resources */,
				A0F7A59C0F9077F300D50555 /* NA02.png in Resources */,
				A0F7A59D0F9077F300D50555 /* NA03.png in Resources */,
				A0F7A59E0F9077F300D50555 /* NA04.png in Resources */,
				A0F7A59F0F9077F300D50555 /* NA05.png in Resources */,
				A0F7A5A00F9077F300D50555 /* NA06.png in Resources */,
				A0F7A5A10F9077F300D50555 /* NA07.png in Resources */,
				A0F7A5A20F9077F300D50555 /* NA08.png in Resources */,
				A0F7A5A30F9077F300D50555 /* NA09.png in Resources */,
				A0F7A5A40F9077F300D50555 /* NA10.png in Resources */,
				A0F7A5A50F9077F300D50555 /* NA11.png in Resources */,
				A0F7A5A60F9077F300D50555 /* NA12.png in Resources */,
				A0F7A5A70F9077F300D50555 /* NA13.png in Resources */,
				A0F7A5A80F9077F300D50555 /* NA14.png in Resources */,
				A0F7A5A90F9077F300D50555 /* NA15.png in Resources */,
				A0F7A5AA0F9077F300D50555 /* NA16.png in Resources */,
				A0F7A5AB0F9077F300D50555 /* NA17.png in Resources */,
				A0F7A5AC0F9077F300D50555 /* NA18.png in Resources */,
				A0F7A5AD0F9077F300D50555 /* NA19.png in Resources */,
				A0F7A5AE0F9077F300D50555 /* NA20.png in Resources */,
				A0F7A5AF0F9077F300D50555 /* NAI.png in Resources */,
				A0F7A5B00F9077F300D50555 /* NAM.png in Resources */,
				A0F7A5B10F9077F300D50555 /* NB.png in Resources */,
				A0F7A5B20F9077F300D50555 /* NR.png in Resources */,
				A0F7A5B30F9077F300D50555 /* NS.png in Resources */,
				A0F7A5CF0F90780200D50555 /* P_INFO.png in Resources */,
				A0F7A5D00F90780200D50555 /* PA01.png in Resources */,
				A0F7A5D10F90780200D50555 /* PA02.png in Resources */,
				A0F7A5D20F90780200D50555 /* PA03.png in Resources */,
				A0F7A5D30F90780200D50555 /* PA04.png in Resources */,
				A0F7A5D40F90780200D50555 /* PA05.png in Resources */,
				A0F7A5D50F90780200D50555 /* PA06.png in Resources */,
				A0F7A5D60F90780200D50555 /* PA07.png in Resources */,
				A0F7A5D70F90780200D50555 /* PA08.png in Resources */,
				A0F7A5D80F90780200D50555 /* PA09.png in Resources */,
				A0F7A5D90F90780200D50555 /* PA10.png in Resources */,
				A0F7A5DA0F90780200D50555 /* PA11.png in Resources */,
				A0F7A5DB0F90780200D50555 /* PA12.png in Resources */,
				A0F7A5DC0F90780200D50555 /* PA13.png in Resources */,
				A0F7A5DD0F90780200D50555 /* PA14.png in Resources */,
				A0F7A5DE0F90780200D50555 /* PA15.png in Resources */,
				A0F7A5DF0F90780200D50555 /* PA16.png in Resources */,
				A0F7A5E00F90780200D50555 /* PA17.png in Resources */,
				A0F7A5E10F90780200D50555 /* PA18.png in Resources */,
				A0F7A5E20F90780200D50555 /* PA19.png in Resources */,
				A0F7A5E30F90780200D50555 /* PA20.png in Resources */,
				A0F7A5E40F90780200D50555 /* PAI.png in Resources */,
				A0F7A5E50F90780200D50555 /* PAM.png in Resources */,
				A0F7A5E60F90780200D50555 /* PB.png in Resources */,
				A0F7A5E70F90780200D50555 /* PR.png in Resources */,
				A0F7A5E80F90780200D50555 /* PS.png in Resources */,
				A0F7A6040F90780E00D50555 /* Z_INFO.png in Resources */,
				A0F7A6050F90780E00D50555 /* ZA01.png in Resources */,
				A0F7A6060F90780E00D50555 /* ZA02.png in Resources */,
				A0F7A6070F90780E00D50555 /* ZA03.png in Resources */,
				A0F7A6080F90780E00D50555 /* ZA04.png in Resources */,
				A0F7A6090F90780E00D50555 /* ZA05.png in Resources */,
				A0F7A60A0F90780E00D50555 /* ZA06.png in Resources */,
				A0F7A60B0F90780E00D50555 /* ZA07.png in Resources */,
				A0F7A60C0F90780E00D50555 /* ZA08.png in Resources */,
				A0F7A60D0F90780E00D50555 /* ZA09.png in Resources */,
				A0F7A60E0F90780E00D50555 /* ZA10.png in Resources */,
				A0F7A60F0F90780E00D50555 /* ZA11.png in Resources */,
				A0F7A6100F90780E00D50555 /* ZA12.png in Resources */,
				A0F7A6110F90780E00D50555 /* ZA13.png in Resources */,
				A0F7A6120F90780E00D50555 /* ZA14.png in Resources */,
				A0F7A6130F90780E00D50555 /* ZA15.png in Resources */,
				A0F7A6140F90780E00D50555 /* ZA16.png in Resources */,
				A0F7A6150F90780E00D50555 /* ZA17.png in Resources */,
				A0F7A6160F90780E00D50555 /* ZA18.png in Resources */,
				A0F7A6170F90780E00D50555 /* ZA19.png in Resources */,
				A0F7A6180F90780E00D50555 /* ZA20.png in Resources */,
				A0F7A6190F90780E00D50555 /* ZAI.png in Resources */,
				A0F7A61A0F90780E00D50555 /* ZAM.png in Resources */,
				A0F7A61B0F90780E00D50555 /* ZB.png in Resources */,
				A0F7A61C0F90780E00D50555 /* ZR.png in Resources */,
				A0F7A61D0F90780E00D50555 /* ZS.png in Resources */,
				A0F7A69A0F90839900D50555 /* AskDaveIcon57.png in Resources */,
				A0BCD7370F91533600553076 /* Entitlements.plist in Resources */,
				A0CBA4160FAE4D7E004A7BFB /* Dave_Classic.png in Resources */,
				A0CBA4190FAE4D90004A7BFB /* Dave_Devil.png in Resources */,
				A0CBA41A0FAE4D95004A7BFB /* Dave_Geeky.png in Resources */,
				A0CBA41B0FAE4D9C004A7BFB /* Dave_Nirvana.png in Resources */,
				A0CBA41C0FAE4DA1004A7BFB /* Dave_Pirate.png in Resources */,
				A0CBA41D0FAE4DA6004A7BFB /* Dave_Zombie.png in Resources */,
				A0CBA4260FAE4EB3004A7BFB /* Button_AskDave.png in Resources */,
				A0CBA4270FAE4EBA004A7BFB /* Button_Info.png in Resources */,
			);
			runOnlyForDeploymentPostprocessing = 0;
		};
/* End PBXResourcesBuildPhase section */

/* Begin PBXSourcesBuildPhase section */
		1D60588E0D05DD3D006BFB54 /* Sources */ = {
			isa = PBXSourcesBuildPhase;
			buildActionMask = 2147483647;
			files = (
				1D60589B0D05DD56006BFB54 /* main.m in Sources */,
				1D3623260D0F684500981E51 /* AppDelegate.m in Sources */,
				A07FCFF60F806E6700CA32C5 /* DaveController.m in Sources */,
				A07FD0070F80703100CA32C5 /* SettingsController.m in Sources */,
				A07FD00A0F80704200CA32C5 /* MenuController.m in Sources */,
				A0F7A8C60F90FB2E00D50555 /* UIImageAskDave.m in Sources */,
				A082D7F70FA56DCA00BE7D1A /* DaveView.m in Sources */,
				A082D7FA0FA56DDB00BE7D1A /* DaveInfoView.m in Sources */,
				A0CBA3300FAD99CB004A7BFB /* MenuView.m in Sources */,
			);
			runOnlyForDeploymentPostprocessing = 0;
		};
/* End PBXSourcesBuildPhase section */

/* Begin XCBuildConfiguration section */
		1D6058940D05DD3E006BFB54 /* Debug */ = {
			isa = XCBuildConfiguration;
			buildSettings = {
				ALWAYS_SEARCH_USER_PATHS = NO;
				COPY_PHASE_STRIP = NO;
				GCC_DYNAMIC_NO_PIC = NO;
				GCC_OPTIMIZATION_LEVEL = 0;
				GCC_PRECOMPILE_PREFIX_HEADER = YES;
				GCC_PREFIX_HEADER = other/AskDave_Prefix.pch;
				INFOPLIST_FILE = resources/Info.plist;
				PRODUCT_NAME = "Ask Dave";
			};
			name = Debug;
		};
		1D6058950D05DD3E006BFB54 /* Release */ = {
			isa = XCBuildConfiguration;
			buildSettings = {
				ALWAYS_SEARCH_USER_PATHS = NO;
				COPY_PHASE_STRIP = YES;
				GCC_PRECOMPILE_PREFIX_HEADER = YES;
				GCC_PREFIX_HEADER = other/AskDave_Prefix.pch;
				INFOPLIST_FILE = resources/Info.plist;
				PRODUCT_NAME = "Ask Dave";
			};
			name = Release;
		};
		A0BCD7340F9152ED00553076 /* Distribution AdHoc */ = {
			isa = XCBuildConfiguration;
			buildSettings = {
				ARCHS = "$(ARCHS_STANDARD_32_BIT)";
				CODE_SIGN_ENTITLEMENTS = Entitlements.plist;
				"CODE_SIGN_IDENTITY[sdk=iphoneos*]" = "iPhone Distribution: David Syzdek";
				GCC_C_LANGUAGE_STANDARD = c99;
				GCC_WARN_ABOUT_RETURN_TYPE = YES;
				GCC_WARN_UNUSED_VARIABLE = YES;
				INFOPLIST_FILE = resources/Info.plist;
				PREBINDING = NO;
				"PROVISIONING_PROFILE[sdk=iphoneos*]" = "EB98AF14-AF23-4B5E-9A81-D7CB9A5D1122";
				SDKROOT = iphoneos2.2.1;
			};
			name = "Distribution AdHoc";
		};
		A0BCD7350F9152ED00553076 /* Distribution AdHoc */ = {
			isa = XCBuildConfiguration;
			buildSettings = {
				ALWAYS_SEARCH_USER_PATHS = NO;
				COPY_PHASE_STRIP = YES;
				GCC_PRECOMPILE_PREFIX_HEADER = YES;
				GCC_PREFIX_HEADER = other/AskDave_Prefix.pch;
				INFOPLIST_FILE = resources/Info.plist;
				PRODUCT_NAME = "Ask Dave";
			};
			name = "Distribution AdHoc";
		};
		C01FCF4F08A954540054247B /* Debug */ = {
			isa = XCBuildConfiguration;
			buildSettings = {
				ARCHS = "$(ARCHS_STANDARD_32_BIT)";
				"CODE_SIGN_IDENTITY[sdk=iphoneos*]" = "iPhone Developer: David Syzdek";
				GCC_C_LANGUAGE_STANDARD = c99;
				GCC_WARN_ABOUT_RETURN_TYPE = YES;
				GCC_WARN_UNUSED_VARIABLE = YES;
				INFOPLIST_FILE = resources/Info.plist;
				ONLY_ACTIVE_ARCH = YES;
				OTHER_CFLAGS = "-DDEBUG=1";
				PREBINDING = NO;
				"PROVISIONING_PROFILE[sdk=iphoneos*]" = "1329DED7-2D4C-446A-A136-9089C11EA980";
				SDKROOT = iphoneos2.2.1;
			};
			name = Debug;
		};
		C01FCF5008A954540054247B /* Release */ = {
			isa = XCBuildConfiguration;
			buildSettings = {
				ARCHS = "$(ARCHS_STANDARD_32_BIT)";
				"CODE_SIGN_IDENTITY[sdk=iphoneos*]" = "iPhone Developer: David Syzdek";
				GCC_C_LANGUAGE_STANDARD = c99;
				GCC_WARN_ABOUT_RETURN_TYPE = YES;
				GCC_WARN_UNUSED_VARIABLE = YES;
				INFOPLIST_FILE = resources/Info.plist;
				PREBINDING = NO;
				"PROVISIONING_PROFILE[sdk=iphoneos*]" = "1329DED7-2D4C-446A-A136-9089C11EA980";
				SDKROOT = iphoneos2.2.1;
			};
			name = Release;
		};
/* End XCBuildConfiguration section */

/* Begin XCConfigurationList section */
		1D6058960D05DD3E006BFB54 /* Build configuration list for PBXNativeTarget "Ask Dave" */ = {
			isa = XCConfigurationList;
			buildConfigurations = (
				1D6058940D05DD3E006BFB54 /* Debug */,
				1D6058950D05DD3E006BFB54 /* Release */,
				A0BCD7350F9152ED00553076 /* Distribution AdHoc */,
			);
			defaultConfigurationIsVisible = 0;
			defaultConfigurationName = Release;
		};
		C01FCF4E08A954540054247B /* Build configuration list for PBXProject "Ask Dave" */ = {
			isa = XCConfigurationList;
			buildConfigurations = (
				C01FCF4F08A954540054247B /* Debug */,
				C01FCF5008A954540054247B /* Release */,
				A0BCD7340F9152ED00553076 /* Distribution AdHoc */,
			);
			defaultConfigurationIsVisible = 0;
			defaultConfigurationName = Release;
		};
/* End XCConfigurationList section */
	};
	rootObject = 29B97313FDCFA39411CA2CEA /* Project object */;
}
